// !$*UTF8*$!
{
	archiveVersion = 1;
	classes = {
	};
	objectVersion = 46;
	objects = {

/* Begin PBXBuildFile section */
		C00077A317DE72DA00715694 /* FreeFilterBank.json in Resources */ = {isa = PBXBuildFile; fileRef = C00077A217DE72DA00715694 /* FreeFilterBank.json */; };
		C0032B6917F13C9900FD72B7 /* LiveFilterView.m in Sources */ = {isa = PBXBuildFile; fileRef = C0032B6817F13C9900FD72B7 /* LiveFilterView.m */; };
		C008F52D17FC9B5B0061232A /* Adaptive.jpg in Resources */ = {isa = PBXBuildFile; fileRef = C008F52917FC9B5B0061232A /* Adaptive.jpg */; };
		C008F52E17FC9B5B0061232A /* Amatorka.jpg in Resources */ = {isa = PBXBuildFile; fileRef = C008F52A17FC9B5B0061232A /* Amatorka.jpg */; };
		C008F52F17FC9B5B0061232A /* Blur.jpg in Resources */ = {isa = PBXBuildFile; fileRef = C008F52B17FC9B5B0061232A /* Blur.jpg */; };
		C008F53017FC9B5B0061232A /* Contrast.jpg in Resources */ = {isa = PBXBuildFile; fileRef = C008F52C17FC9B5B0061232A /* Contrast.jpg */; };
		C008F53517FCA04A0061232A /* Exposure.jpg in Resources */ = {isa = PBXBuildFile; fileRef = C008F53117FCA04A0061232A /* Exposure.jpg */; };
		C008F53617FCA04A0061232A /* Gamma.jpg in Resources */ = {isa = PBXBuildFile; fileRef = C008F53217FCA04A0061232A /* Gamma.jpg */; };
		C008F53717FCA04A0061232A /* NeonEdge.jpg in Resources */ = {isa = PBXBuildFile; fileRef = C008F53317FCA04A0061232A /* NeonEdge.jpg */; };
		C008F53817FCA04A0061232A /* Saturate.jpg in Resources */ = {isa = PBXBuildFile; fileRef = C008F53417FCA04A0061232A /* Saturate.jpg */; };
		C008F53F17FCA4BA0061232A /* Sharpen.jpg in Resources */ = {isa = PBXBuildFile; fileRef = C008F53917FCA4BA0061232A /* Sharpen.jpg */; };
		C008F54017FCA4BA0061232A /* Sketch.jpg in Resources */ = {isa = PBXBuildFile; fileRef = C008F53A17FCA4BA0061232A /* Sketch.jpg */; };
		C008F54117FCA4BA0061232A /* Soft.jpg in Resources */ = {isa = PBXBuildFile; fileRef = C008F53B17FCA4BA0061232A /* Soft.jpg */; };
		C008F54217FCA4BA0061232A /* TiltShift.jpg in Resources */ = {isa = PBXBuildFile; fileRef = C008F53C17FCA4BA0061232A /* TiltShift.jpg */; };
		C008F54317FCA4BA0061232A /* Toon.jpg in Resources */ = {isa = PBXBuildFile; fileRef = C008F53D17FCA4BA0061232A /* Toon.jpg */; };
		C008F54417FCA4BA0061232A /* Vignette.jpg in Resources */ = {isa = PBXBuildFile; fileRef = C008F53E17FCA4BA0061232A /* Vignette.jpg */; };
		C00BB83E17DD948500E0580D /* Cell.m in Sources */ = {isa = PBXBuildFile; fileRef = C00BB83D17DD948500E0580D /* Cell.m */; };
		C016A93417FF6E1C005EA66E /* locked.png in Resources */ = {isa = PBXBuildFile; fileRef = C016A93317FF6E1C005EA66E /* locked.png */; };
		C01734A917E82EC900113DFE /* recordRedLight.png in Resources */ = {isa = PBXBuildFile; fileRef = C01734A817E82EC900113DFE /* recordRedLight.png */; };
		C0208E7617E130170097F1E8 /* ActiveFilterManager.m in Sources */ = {isa = PBXBuildFile; fileRef = C0208E7517E130170097F1E8 /* ActiveFilterManager.m */; };
		C02B829017FCD82300165792 /* StoreKit.framework in Frameworks */ = {isa = PBXBuildFile; fileRef = C02B828F17FCD82300165792 /* StoreKit.framework */; };
		C046913317F0BF6500F14AE6 /* NavCell.m in Sources */ = {isa = PBXBuildFile; fileRef = C046913217F0BF6500F14AE6 /* NavCell.m */; };
		C046913817F0CDFF00F14AE6 /* VideoIcon.png in Resources */ = {isa = PBXBuildFile; fileRef = C046913717F0CDFF00F14AE6 /* VideoIcon.png */; };
		C048DD3517ECAFE700F47A1D /* CachedThumbnails.m in Sources */ = {isa = PBXBuildFile; fileRef = C048DD3417ECAFE700F47A1D /* CachedThumbnails.m */; };
		C05C1E431801D52F004B29BA /* PurchaseAlertViewController.m in Sources */ = {isa = PBXBuildFile; fileRef = C05C1E411801D52F004B29BA /* PurchaseAlertViewController.m */; };
		C05C1E441801D52F004B29BA /* PurchaseAlertView.xib in Resources */ = {isa = PBXBuildFile; fileRef = C05C1E421801D52F004B29BA /* PurchaseAlertView.xib */; };
		C06A359517FA224800DC3DBA /* Filter.m in Sources */ = {isa = PBXBuildFile; fileRef = C06A359417FA224800DC3DBA /* Filter.m */; };
		C073570417E51DE40024D02B /* OrangeSquareMin.jpg in Resources */ = {isa = PBXBuildFile; fileRef = C073570317E51DE40024D02B /* OrangeSquareMin.jpg */; };
		C073571217E5384E0024D02B /* record.png in Resources */ = {isa = PBXBuildFile; fileRef = C073571117E5384E0024D02B /* record.png */; };
		C073571817E540B40024D02B /* CameraLensSmall.png in Resources */ = {isa = PBXBuildFile; fileRef = C073571717E540B40024D02B /* CameraLensSmall.png */; };
		C0960B6017EE4FE6006FF0A5 /* Default.png in Resources */ = {isa = PBXBuildFile; fileRef = C0960B5F17EE4FE6006FF0A5 /* Default.png */; };
		C0960B6417EE507B006FF0A5 /* Default~iphone.png in Resources */ = {isa = PBXBuildFile; fileRef = C0960B6317EE507B006FF0A5 /* Default~iphone.png */; };
		C0960B6617EE50E6006FF0A5 /* Default-568h@2x.png in Resources */ = {isa = PBXBuildFile; fileRef = C0960B6517EE50E6006FF0A5 /* Default-568h@2x.png */; };
		C0A35DEC17EE584F0015CA6E /* Default~ipad.png in Resources */ = {isa = PBXBuildFile; fileRef = C0A35DEB17EE584F0015CA6E /* Default~ipad.png */; };
		C0A35DF017EE58850015CA6E /* Default-Landscape~ipad.png in Resources */ = {isa = PBXBuildFile; fileRef = C0A35DEF17EE58850015CA6E /* Default-Landscape~ipad.png */; };
		C0A35DF217EE592D0015CA6E /* Default-Portrait@2x~ipad.png in Resources */ = {isa = PBXBuildFile; fileRef = C0A35DF117EE592D0015CA6E /* Default-Portrait@2x~ipad.png */; };
		C0A35DF417EE595F0015CA6E /* Default-Landscape@2x~ipad.png in Resources */ = {isa = PBXBuildFile; fileRef = C0A35DF317EE595F0015CA6E /* Default-Landscape@2x~ipad.png */; };
		C0A35DFA17EE62430015CA6E /* icon120.png in Resources */ = {isa = PBXBuildFile; fileRef = C0A35DF917EE62430015CA6E /* icon120.png */; };
		C0A35E0717EE62510015CA6E /* icon152.png in Resources */ = {isa = PBXBuildFile; fileRef = C0A35DFB17EE62510015CA6E /* icon152.png */; };
		C0A35E0817EE62510015CA6E /* icon29.png in Resources */ = {isa = PBXBuildFile; fileRef = C0A35DFC17EE62510015CA6E /* icon29.png */; };
		C0A35E0917EE62510015CA6E /* icon40.png in Resources */ = {isa = PBXBuildFile; fileRef = C0A35DFD17EE62510015CA6E /* icon40.png */; };
		C0A35E0A17EE62510015CA6E /* icon50.png in Resources */ = {isa = PBXBuildFile; fileRef = C0A35DFE17EE62510015CA6E /* icon50.png */; };
		C0A35E0B17EE62510015CA6E /* icon57.png in Resources */ = {isa = PBXBuildFile; fileRef = C0A35DFF17EE62510015CA6E /* icon57.png */; };
		C0A35E0C17EE62510015CA6E /* icon58.png in Resources */ = {isa = PBXBuildFile; fileRef = C0A35E0017EE62510015CA6E /* icon58.png */; };
		C0A35E0D17EE62510015CA6E /* icon72.png in Resources */ = {isa = PBXBuildFile; fileRef = C0A35E0117EE62510015CA6E /* icon72.png */; };
		C0A35E0E17EE62510015CA6E /* icon76.png in Resources */ = {isa = PBXBuildFile; fileRef = C0A35E0217EE62510015CA6E /* icon76.png */; };
		C0A35E0F17EE62510015CA6E /* icon80.png in Resources */ = {isa = PBXBuildFile; fileRef = C0A35E0317EE62510015CA6E /* icon80.png */; };
		C0A35E1017EE62510015CA6E /* icon100.png in Resources */ = {isa = PBXBuildFile; fileRef = C0A35E0417EE62510015CA6E /* icon100.png */; };
		C0A35E1117EE62510015CA6E /* icon114.png in Resources */ = {isa = PBXBuildFile; fileRef = C0A35E0517EE62510015CA6E /* icon114.png */; };
		C0A35E1217EE62510015CA6E /* icon144.png in Resources */ = {isa = PBXBuildFile; fileRef = C0A35E0617EE62510015CA6E /* icon144.png */; };
		C0B4643317DA826F00126545 /* UIKit.framework in Frameworks */ = {isa = PBXBuildFile; fileRef = C0B4643217DA826F00126545 /* UIKit.framework */; };
		C0B4643517DA826F00126545 /* Foundation.framework in Frameworks */ = {isa = PBXBuildFile; fileRef = C0B4643417DA826F00126545 /* Foundation.framework */; };
		C0B4643717DA826F00126545 /* CoreGraphics.framework in Frameworks */ = {isa = PBXBuildFile; fileRef = C0B4643617DA826F00126545 /* CoreGraphics.framework */; };
		C0B4643917DA826F00126545 /* CoreData.framework in Frameworks */ = {isa = PBXBuildFile; fileRef = C0B4643817DA826F00126545 /* CoreData.framework */; };
		C0B4643F17DA826F00126545 /* InfoPlist.strings in Resources */ = {isa = PBXBuildFile; fileRef = C0B4643D17DA826F00126545 /* InfoPlist.strings */; };
		C0B4644117DA826F00126545 /* main.m in Sources */ = {isa = PBXBuildFile; fileRef = C0B4644017DA826F00126545 /* main.m */; };
		C0B4644517DA826F00126545 /* AppDelegate.m in Sources */ = {isa = PBXBuildFile; fileRef = C0B4644417DA826F00126545 /* AppDelegate.m */; };
		C0B4644E17DA826F00126545 /* FilterChain.xcdatamodeld in Sources */ = {isa = PBXBuildFile; fileRef = C0B4644C17DA826F00126545 /* FilterChain.xcdatamodeld */; };
		C0B4645617DA827000126545 /* SenTestingKit.framework in Frameworks */ = {isa = PBXBuildFile; fileRef = C0B4645517DA827000126545 /* SenTestingKit.framework */; };
		C0B4645717DA827000126545 /* UIKit.framework in Frameworks */ = {isa = PBXBuildFile; fileRef = C0B4643217DA826F00126545 /* UIKit.framework */; };
		C0B4645817DA827000126545 /* Foundation.framework in Frameworks */ = {isa = PBXBuildFile; fileRef = C0B4643417DA826F00126545 /* Foundation.framework */; };
		C0B4645917DA827000126545 /* CoreData.framework in Frameworks */ = {isa = PBXBuildFile; fileRef = C0B4643817DA826F00126545 /* CoreData.framework */; };
		C0B4646117DA827000126545 /* InfoPlist.strings in Resources */ = {isa = PBXBuildFile; fileRef = C0B4645F17DA827000126545 /* InfoPlist.strings */; };
		C0B4646417DA827000126545 /* FilterChainTests.m in Sources */ = {isa = PBXBuildFile; fileRef = C0B4646317DA827000126545 /* FilterChainTests.m */; };
		C0B4647217DA840800126545 /* AVFoundation.framework in Frameworks */ = {isa = PBXBuildFile; fileRef = C0B4646D17DA840800126545 /* AVFoundation.framework */; };
		C0B4647317DA840800126545 /* CoreMedia.framework in Frameworks */ = {isa = PBXBuildFile; fileRef = C0B4646E17DA840800126545 /* CoreMedia.framework */; };
		C0B4647417DA840800126545 /* CoreVideo.framework in Frameworks */ = {isa = PBXBuildFile; fileRef = C0B4646F17DA840800126545 /* CoreVideo.framework */; };
		C0B4647517DA840800126545 /* OpenGLES.framework in Frameworks */ = {isa = PBXBuildFile; fileRef = C0B4647017DA840800126545 /* OpenGLES.framework */; };
		C0B4647617DA840800126545 /* QuartzCore.framework in Frameworks */ = {isa = PBXBuildFile; fileRef = C0B4647117DA840800126545 /* QuartzCore.framework */; };
		C0B4647817DA842F00126545 /* MediaPlayer.framework in Frameworks */ = {isa = PBXBuildFile; fileRef = C0B4647717DA842F00126545 /* MediaPlayer.framework */; };
		C0B4648517DA854F00126545 /* libGPUImage.a in Frameworks */ = {isa = PBXBuildFile; fileRef = C0B4648017DA851400126545 /* libGPUImage.a */; };
		C0B4648717DA89FF00126545 /* Retina.xib in Resources */ = {isa = PBXBuildFile; fileRef = C0B4648617DA89FF00126545 /* Retina.xib */; };
		C0B4648C17DA8A4900126545 /* MainViewController.m in Sources */ = {isa = PBXBuildFile; fileRef = C0B4648B17DA8A4900126545 /* MainViewController.m */; };
		C0B4649017DA8CA200126545 /* ClipManager.m in Sources */ = {isa = PBXBuildFile; fileRef = C0B4648F17DA8CA200126545 /* ClipManager.m */; };
		C0B4649317DA8CB400126545 /* RecordingManager.m in Sources */ = {isa = PBXBuildFile; fileRef = C0B4649217DA8CB400126545 /* RecordingManager.m */; };
		C0BD456D17DE180A005734AD /* FilterBank.m in Sources */ = {isa = PBXBuildFile; fileRef = C0BD456C17DE180A005734AD /* FilterBank.m */; };
		C0BD457217DE1824005734AD /* FreeCell.m in Sources */ = {isa = PBXBuildFile; fileRef = C0BD457117DE1824005734AD /* FreeCell.m */; };
		C0C700BC17F6A17B00464BE9 /* lookup_amatorka.png in Resources */ = {isa = PBXBuildFile; fileRef = C0C700B917F6A17B00464BE9 /* lookup_amatorka.png */; };
		C0C700BD17F6A17B00464BE9 /* lookup_soft_elegance_1.png in Resources */ = {isa = PBXBuildFile; fileRef = C0C700BA17F6A17B00464BE9 /* lookup_soft_elegance_1.png */; };
		C0C700BE17F6A17B00464BE9 /* lookup_soft_elegance_2.png in Resources */ = {isa = PBXBuildFile; fileRef = C0C700BB17F6A17B00464BE9 /* lookup_soft_elegance_2.png */; };
		C0DB6F7C17E602150020B394 /* Edges.jpg in Resources */ = {isa = PBXBuildFile; fileRef = C0DB6F7617E602150020B394 /* Edges.jpg */; };
		C0DB6F7D17E602150020B394 /* Grayscale.jpg in Resources */ = {isa = PBXBuildFile; fileRef = C0DB6F7717E602150020B394 /* Grayscale.jpg */; };
		C0DB6F7E17E602150020B394 /* HighlightShadows.jpg in Resources */ = {isa = PBXBuildFile; fileRef = C0DB6F7817E602150020B394 /* HighlightShadows.jpg */; };
		C0DB6F7F17E602150020B394 /* Inversion.jpg in Resources */ = {isa = PBXBuildFile; fileRef = C0DB6F7917E602150020B394 /* Inversion.jpg */; };
		C0DB6F8017E602150020B394 /* Pixellate.jpg in Resources */ = {isa = PBXBuildFile; fileRef = C0DB6F7A17E602150020B394 /* Pixellate.jpg */; };
		C0DB6F8117E602150020B394 /* Sepia.jpg in Resources */ = {isa = PBXBuildFile; fileRef = C0DB6F7B17E602150020B394 /* Sepia.jpg */; };
		C0EFCAD917FD3E39009537F2 /* InAppPurchaseManager.m in Sources */ = {isa = PBXBuildFile; fileRef = C0EFCAD817FD3E39009537F2 /* InAppPurchaseManager.m */; };
/* End PBXBuildFile section */

/* Begin PBXContainerItemProxy section */
		C0B4645A17DA827000126545 /* PBXContainerItemProxy */ = {
			isa = PBXContainerItemProxy;
			containerPortal = C0B4642717DA826F00126545 /* Project object */;
			proxyType = 1;
			remoteGlobalIDString = C0B4642E17DA826F00126545;
			remoteInfo = FilterChain;
		};
		C0B4647F17DA851400126545 /* PBXContainerItemProxy */ = {
			isa = PBXContainerItemProxy;
			containerPortal = C0B4647917DA851300126545 /* GPUImage.xcodeproj */;
			proxyType = 2;
			remoteGlobalIDString = BCF1A33414DDB1EC00852800;
			remoteInfo = GPUImage;
		};
		C0B4648117DA851400126545 /* PBXContainerItemProxy */ = {
			isa = PBXContainerItemProxy;
			containerPortal = C0B4647917DA851300126545 /* GPUImage.xcodeproj */;
			proxyType = 2;
			remoteGlobalIDString = BCF1A34414DDB1EC00852800;
			remoteInfo = GPUImageTests;
		};
		C0B4648317DA853F00126545 /* PBXContainerItemProxy */ = {
			isa = PBXContainerItemProxy;
			containerPortal = C0B4647917DA851300126545 /* GPUImage.xcodeproj */;
			proxyType = 1;
			remoteGlobalIDString = BCF1A33314DDB1EC00852800;
			remoteInfo = GPUImage;
		};
/* End PBXContainerItemProxy section */

/* Begin PBXFileReference section */
		C00077A217DE72DA00715694 /* FreeFilterBank.json */ = {isa = PBXFileReference; fileEncoding = 4; lastKnownFileType = text.json; path = FreeFilterBank.json; sourceTree = "<group>"; };
		C0032B6717F13C9900FD72B7 /* LiveFilterView.h */ = {isa = PBXFileReference; fileEncoding = 4; lastKnownFileType = sourcecode.c.h; path = LiveFilterView.h; sourceTree = "<group>"; };
		C0032B6817F13C9900FD72B7 /* LiveFilterView.m */ = {isa = PBXFileReference; fileEncoding = 4; lastKnownFileType = sourcecode.c.objc; path = LiveFilterView.m; sourceTree = "<group>"; };
		C008F52917FC9B5B0061232A /* Adaptive.jpg */ = {isa = PBXFileReference; lastKnownFileType = image.jpeg; path = Adaptive.jpg; sourceTree = "<group>"; };
		C008F52A17FC9B5B0061232A /* Amatorka.jpg */ = {isa = PBXFileReference; lastKnownFileType = image.jpeg; path = Amatorka.jpg; sourceTree = "<group>"; };
		C008F52B17FC9B5B0061232A /* Blur.jpg */ = {isa = PBXFileReference; lastKnownFileType = image.jpeg; path = Blur.jpg; sourceTree = "<group>"; };
		C008F52C17FC9B5B0061232A /* Contrast.jpg */ = {isa = PBXFileReference; lastKnownFileType = image.jpeg; path = Contrast.jpg; sourceTree = "<group>"; };
		C008F53117FCA04A0061232A /* Exposure.jpg */ = {isa = PBXFileReference; lastKnownFileType = image.jpeg; path = Exposure.jpg; sourceTree = "<group>"; };
		C008F53217FCA04A0061232A /* Gamma.jpg */ = {isa = PBXFileReference; lastKnownFileType = image.jpeg; path = Gamma.jpg; sourceTree = "<group>"; };
		C008F53317FCA04A0061232A /* NeonEdge.jpg */ = {isa = PBXFileReference; lastKnownFileType = image.jpeg; path = NeonEdge.jpg; sourceTree = "<group>"; };
		C008F53417FCA04A0061232A /* Saturate.jpg */ = {isa = PBXFileReference; lastKnownFileType = image.jpeg; path = Saturate.jpg; sourceTree = "<group>"; };
		C008F53917FCA4BA0061232A /* Sharpen.jpg */ = {isa = PBXFileReference; lastKnownFileType = image.jpeg; path = Sharpen.jpg; sourceTree = "<group>"; };
		C008F53A17FCA4BA0061232A /* Sketch.jpg */ = {isa = PBXFileReference; lastKnownFileType = image.jpeg; path = Sketch.jpg; sourceTree = "<group>"; };
		C008F53B17FCA4BA0061232A /* Soft.jpg */ = {isa = PBXFileReference; lastKnownFileType = image.jpeg; path = Soft.jpg; sourceTree = "<group>"; };
		C008F53C17FCA4BA0061232A /* TiltShift.jpg */ = {isa = PBXFileReference; lastKnownFileType = image.jpeg; path = TiltShift.jpg; sourceTree = "<group>"; };
		C008F53D17FCA4BA0061232A /* Toon.jpg */ = {isa = PBXFileReference; lastKnownFileType = image.jpeg; path = Toon.jpg; sourceTree = "<group>"; };
		C008F53E17FCA4BA0061232A /* Vignette.jpg */ = {isa = PBXFileReference; lastKnownFileType = image.jpeg; path = Vignette.jpg; sourceTree = "<group>"; };
		C00BB83C17DD948500E0580D /* Cell.h */ = {isa = PBXFileReference; fileEncoding = 4; lastKnownFileType = sourcecode.c.h; path = Cell.h; sourceTree = "<group>"; };
		C00BB83D17DD948500E0580D /* Cell.m */ = {isa = PBXFileReference; fileEncoding = 4; lastKnownFileType = sourcecode.c.objc; path = Cell.m; sourceTree = "<group>"; };
		C016A93317FF6E1C005EA66E /* locked.png */ = {isa = PBXFileReference; lastKnownFileType = image.png; path = locked.png; sourceTree = "<group>"; };
		C01734A817E82EC900113DFE /* recordRedLight.png */ = {isa = PBXFileReference; lastKnownFileType = image.png; path = recordRedLight.png; sourceTree = "<group>"; };
		C0208E7417E130170097F1E8 /* ActiveFilterManager.h */ = {isa = PBXFileReference; fileEncoding = 4; lastKnownFileType = sourcecode.c.h; path = ActiveFilterManager.h; sourceTree = "<group>"; };
		C0208E7517E130170097F1E8 /* ActiveFilterManager.m */ = {isa = PBXFileReference; fileEncoding = 4; lastKnownFileType = sourcecode.c.objc; path = ActiveFilterManager.m; sourceTree = "<group>"; };
		C02B828F17FCD82300165792 /* StoreKit.framework */ = {isa = PBXFileReference; lastKnownFileType = wrapper.framework; name = StoreKit.framework; path = System/Library/Frameworks/StoreKit.framework; sourceTree = SDKROOT; };
		C046913117F0BF6500F14AE6 /* NavCell.h */ = {isa = PBXFileReference; fileEncoding = 4; lastKnownFileType = sourcecode.c.h; path = NavCell.h; sourceTree = "<group>"; };
		C046913217F0BF6500F14AE6 /* NavCell.m */ = {isa = PBXFileReference; fileEncoding = 4; lastKnownFileType = sourcecode.c.objc; path = NavCell.m; sourceTree = "<group>"; };
		C046913717F0CDFF00F14AE6 /* VideoIcon.png */ = {isa = PBXFileReference; lastKnownFileType = image.png; path = VideoIcon.png; sourceTree = "<group>"; };
		C048DD3317ECAFE700F47A1D /* CachedThumbnails.h */ = {isa = PBXFileReference; fileEncoding = 4; lastKnownFileType = sourcecode.c.h; path = CachedThumbnails.h; sourceTree = "<group>"; };
		C048DD3417ECAFE700F47A1D /* CachedThumbnails.m */ = {isa = PBXFileReference; fileEncoding = 4; lastKnownFileType = sourcecode.c.objc; path = CachedThumbnails.m; sourceTree = "<group>"; };
		C05C1E401801D52F004B29BA /* PurchaseAlertViewController.h */ = {isa = PBXFileReference; fileEncoding = 4; lastKnownFileType = sourcecode.c.h; path = PurchaseAlertViewController.h; sourceTree = "<group>"; };
		C05C1E411801D52F004B29BA /* PurchaseAlertViewController.m */ = {isa = PBXFileReference; fileEncoding = 4; lastKnownFileType = sourcecode.c.objc; path = PurchaseAlertViewController.m; sourceTree = "<group>"; };
		C05C1E421801D52F004B29BA /* PurchaseAlertView.xib */ = {isa = PBXFileReference; fileEncoding = 4; lastKnownFileType = file.xib; path = PurchaseAlertView.xib; sourceTree = "<group>"; };
		C06A359317FA224800DC3DBA /* Filter.h */ = {isa = PBXFileReference; fileEncoding = 4; lastKnownFileType = sourcecode.c.h; path = Filter.h; sourceTree = "<group>"; };
		C06A359417FA224800DC3DBA /* Filter.m */ = {isa = PBXFileReference; fileEncoding = 4; lastKnownFileType = sourcecode.c.objc; path = Filter.m; sourceTree = "<group>"; };
		C073570317E51DE40024D02B /* OrangeSquareMin.jpg */ = {isa = PBXFileReference; lastKnownFileType = image.jpeg; path = OrangeSquareMin.jpg; sourceTree = "<group>"; };
		C073571117E5384E0024D02B /* record.png */ = {isa = PBXFileReference; lastKnownFileType = image.png; path = record.png; sourceTree = "<group>"; };
		C073571717E540B40024D02B /* CameraLensSmall.png */ = {isa = PBXFileReference; lastKnownFileType = image.png; path = CameraLensSmall.png; sourceTree = "<group>"; };
		C0960B5F17EE4FE6006FF0A5 /* Default.png */ = {isa = PBXFileReference; lastKnownFileType = image.png; path = Default.png; sourceTree = "<group>"; };
		C0960B6317EE507B006FF0A5 /* Default~iphone.png */ = {isa = PBXFileReference; lastKnownFileType = image.png; path = "Default~iphone.png"; sourceTree = "<group>"; };
		C0960B6517EE50E6006FF0A5 /* Default-568h@2x.png */ = {isa = PBXFileReference; lastKnownFileType = image.png; path = "Default-568h@2x.png"; sourceTree = "<group>"; };
		C0A35DEB17EE584F0015CA6E /* Default~ipad.png */ = {isa = PBXFileReference; lastKnownFileType = image.png; path = "Default~ipad.png"; sourceTree = "<group>"; };
		C0A35DEF17EE58850015CA6E /* Default-Landscape~ipad.png */ = {isa = PBXFileReference; lastKnownFileType = image.png; path = "Default-Landscape~ipad.png"; sourceTree = "<group>"; };
		C0A35DF117EE592D0015CA6E /* Default-Portrait@2x~ipad.png */ = {isa = PBXFileReference; lastKnownFileType = image.png; path = "Default-Portrait@2x~ipad.png"; sourceTree = "<group>"; };
		C0A35DF317EE595F0015CA6E /* Default-Landscape@2x~ipad.png */ = {isa = PBXFileReference; lastKnownFileType = image.png; path = "Default-Landscape@2x~ipad.png"; sourceTree = "<group>"; };
		C0A35DF917EE62430015CA6E /* icon120.png */ = {isa = PBXFileReference; lastKnownFileType = image.png; path = icon120.png; sourceTree = "<group>"; };
		C0A35DFB17EE62510015CA6E /* icon152.png */ = {isa = PBXFileReference; lastKnownFileType = image.png; path = icon152.png; sourceTree = "<group>"; };
		C0A35DFC17EE62510015CA6E /* icon29.png */ = {isa = PBXFileReference; lastKnownFileType = image.png; path = icon29.png; sourceTree = "<group>"; };
		C0A35DFD17EE62510015CA6E /* icon40.png */ = {isa = PBXFileReference; lastKnownFileType = image.png; path = icon40.png; sourceTree = "<group>"; };
		C0A35DFE17EE62510015CA6E /* icon50.png */ = {isa = PBXFileReference; lastKnownFileType = image.png; path = icon50.png; sourceTree = "<group>"; };
		C0A35DFF17EE62510015CA6E /* icon57.png */ = {isa = PBXFileReference; lastKnownFileType = image.png; path = icon57.png; sourceTree = "<group>"; };
		C0A35E0017EE62510015CA6E /* icon58.png */ = {isa = PBXFileReference; lastKnownFileType = image.png; path = icon58.png; sourceTree = "<group>"; };
		C0A35E0117EE62510015CA6E /* icon72.png */ = {isa = PBXFileReference; lastKnownFileType = image.png; path = icon72.png; sourceTree = "<group>"; };
		C0A35E0217EE62510015CA6E /* icon76.png */ = {isa = PBXFileReference; lastKnownFileType = image.png; path = icon76.png; sourceTree = "<group>"; };
		C0A35E0317EE62510015CA6E /* icon80.png */ = {isa = PBXFileReference; lastKnownFileType = image.png; path = icon80.png; sourceTree = "<group>"; };
		C0A35E0417EE62510015CA6E /* icon100.png */ = {isa = PBXFileReference; lastKnownFileType = image.png; path = icon100.png; sourceTree = "<group>"; };
		C0A35E0517EE62510015CA6E /* icon114.png */ = {isa = PBXFileReference; lastKnownFileType = image.png; path = icon114.png; sourceTree = "<group>"; };
		C0A35E0617EE62510015CA6E /* icon144.png */ = {isa = PBXFileReference; lastKnownFileType = image.png; path = icon144.png; sourceTree = "<group>"; };
		C0B4642F17DA826F00126545 /* FilterChain.app */ = {isa = PBXFileReference; explicitFileType = wrapper.application; includeInIndex = 0; path = FilterChain.app; sourceTree = BUILT_PRODUCTS_DIR; };
		C0B4643217DA826F00126545 /* UIKit.framework */ = {isa = PBXFileReference; lastKnownFileType = wrapper.framework; name = UIKit.framework; path = System/Library/Frameworks/UIKit.framework; sourceTree = SDKROOT; };
		C0B4643417DA826F00126545 /* Foundation.framework */ = {isa = PBXFileReference; lastKnownFileType = wrapper.framework; name = Foundation.framework; path = System/Library/Frameworks/Foundation.framework; sourceTree = SDKROOT; };
		C0B4643617DA826F00126545 /* CoreGraphics.framework */ = {isa = PBXFileReference; lastKnownFileType = wrapper.framework; name = CoreGraphics.framework; path = System/Library/Frameworks/CoreGraphics.framework; sourceTree = SDKROOT; };
		C0B4643817DA826F00126545 /* CoreData.framework */ = {isa = PBXFileReference; lastKnownFileType = wrapper.framework; name = CoreData.framework; path = System/Library/Frameworks/CoreData.framework; sourceTree = SDKROOT; };
		C0B4643C17DA826F00126545 /* FilterChain-Info.plist */ = {isa = PBXFileReference; lastKnownFileType = text.plist.xml; path = "FilterChain-Info.plist"; sourceTree = "<group>"; };
		C0B4643E17DA826F00126545 /* en */ = {isa = PBXFileReference; lastKnownFileType = text.plist.strings; name = en; path = en.lproj/InfoPlist.strings; sourceTree = "<group>"; };
		C0B4644017DA826F00126545 /* main.m */ = {isa = PBXFileReference; lastKnownFileType = sourcecode.c.objc; path = main.m; sourceTree = "<group>"; };
		C0B4644217DA826F00126545 /* FilterChain-Prefix.pch */ = {isa = PBXFileReference; lastKnownFileType = sourcecode.c.h; path = "FilterChain-Prefix.pch"; sourceTree = "<group>"; };
		C0B4644317DA826F00126545 /* AppDelegate.h */ = {isa = PBXFileReference; lastKnownFileType = sourcecode.c.h; path = AppDelegate.h; sourceTree = "<group>"; };
		C0B4644417DA826F00126545 /* AppDelegate.m */ = {isa = PBXFileReference; lastKnownFileType = sourcecode.c.objc; path = AppDelegate.m; sourceTree = "<group>"; };
		C0B4644D17DA826F00126545 /* FilterChain.xcdatamodel */ = {isa = PBXFileReference; lastKnownFileType = wrapper.xcdatamodel; path = FilterChain.xcdatamodel; sourceTree = "<group>"; };
		C0B4645417DA827000126545 /* FilterChainTests.octest */ = {isa = PBXFileReference; explicitFileType = wrapper.cfbundle; includeInIndex = 0; path = FilterChainTests.octest; sourceTree = BUILT_PRODUCTS_DIR; };
		C0B4645517DA827000126545 /* SenTestingKit.framework */ = {isa = PBXFileReference; lastKnownFileType = wrapper.framework; name = SenTestingKit.framework; path = Library/Frameworks/SenTestingKit.framework; sourceTree = DEVELOPER_DIR; };
		C0B4645E17DA827000126545 /* FilterChainTests-Info.plist */ = {isa = PBXFileReference; lastKnownFileType = text.plist.xml; path = "FilterChainTests-Info.plist"; sourceTree = "<group>"; };
		C0B4646017DA827000126545 /* en */ = {isa = PBXFileReference; lastKnownFileType = text.plist.strings; name = en; path = en.lproj/InfoPlist.strings; sourceTree = "<group>"; };
		C0B4646217DA827000126545 /* FilterChainTests.h */ = {isa = PBXFileReference; lastKnownFileType = sourcecode.c.h; path = FilterChainTests.h; sourceTree = "<group>"; };
		C0B4646317DA827000126545 /* FilterChainTests.m */ = {isa = PBXFileReference; lastKnownFileType = sourcecode.c.objc; path = FilterChainTests.m; sourceTree = "<group>"; };
		C0B4646D17DA840800126545 /* AVFoundation.framework */ = {isa = PBXFileReference; lastKnownFileType = wrapper.framework; name = AVFoundation.framework; path = System/Library/Frameworks/AVFoundation.framework; sourceTree = SDKROOT; };
		C0B4646E17DA840800126545 /* CoreMedia.framework */ = {isa = PBXFileReference; lastKnownFileType = wrapper.framework; name = CoreMedia.framework; path = System/Library/Frameworks/CoreMedia.framework; sourceTree = SDKROOT; };
		C0B4646F17DA840800126545 /* CoreVideo.framework */ = {isa = PBXFileReference; lastKnownFileType = wrapper.framework; name = CoreVideo.framework; path = System/Library/Frameworks/CoreVideo.framework; sourceTree = SDKROOT; };
		C0B4647017DA840800126545 /* OpenGLES.framework */ = {isa = PBXFileReference; lastKnownFileType = wrapper.framework; name = OpenGLES.framework; path = System/Library/Frameworks/OpenGLES.framework; sourceTree = SDKROOT; };
		C0B4647117DA840800126545 /* QuartzCore.framework */ = {isa = PBXFileReference; lastKnownFileType = wrapper.framework; name = QuartzCore.framework; path = System/Library/Frameworks/QuartzCore.framework; sourceTree = SDKROOT; };
		C0B4647717DA842F00126545 /* MediaPlayer.framework */ = {isa = PBXFileReference; lastKnownFileType = wrapper.framework; name = MediaPlayer.framework; path = System/Library/Frameworks/MediaPlayer.framework; sourceTree = SDKROOT; };
		C0B4647917DA851300126545 /* GPUImage.xcodeproj */ = {isa = PBXFileReference; lastKnownFileType = "wrapper.pb-project"; name = GPUImage.xcodeproj; path = "../GPUImage-master/framework/GPUImage.xcodeproj"; sourceTree = "<group>"; };
		C0B4648617DA89FF00126545 /* Retina.xib */ = {isa = PBXFileReference; fileEncoding = 4; lastKnownFileType = file.xib; path = Retina.xib; sourceTree = "<group>"; };
		C0B4648A17DA8A4900126545 /* MainViewController.h */ = {isa = PBXFileReference; fileEncoding = 4; lastKnownFileType = sourcecode.c.h; path = MainViewController.h; sourceTree = "<group>"; };
		C0B4648B17DA8A4900126545 /* MainViewController.m */ = {isa = PBXFileReference; fileEncoding = 4; lastKnownFileType = sourcecode.c.objc; path = MainViewController.m; sourceTree = "<group>"; };
		C0B4648E17DA8CA200126545 /* ClipManager.h */ = {isa = PBXFileReference; fileEncoding = 4; lastKnownFileType = sourcecode.c.h; path = ClipManager.h; sourceTree = "<group>"; };
		C0B4648F17DA8CA200126545 /* ClipManager.m */ = {isa = PBXFileReference; fileEncoding = 4; lastKnownFileType = sourcecode.c.objc; path = ClipManager.m; sourceTree = "<group>"; };
		C0B4649117DA8CB400126545 /* RecordingManager.h */ = {isa = PBXFileReference; fileEncoding = 4; lastKnownFileType = sourcecode.c.h; path = RecordingManager.h; sourceTree = "<group>"; };
		C0B4649217DA8CB400126545 /* RecordingManager.m */ = {isa = PBXFileReference; fileEncoding = 4; lastKnownFileType = sourcecode.c.objc; path = RecordingManager.m; sourceTree = "<group>"; };
		C0BD456B17DE180A005734AD /* FilterBank.h */ = {isa = PBXFileReference; fileEncoding = 4; lastKnownFileType = sourcecode.c.h; path = FilterBank.h; sourceTree = "<group>"; };
		C0BD456C17DE180A005734AD /* FilterBank.m */ = {isa = PBXFileReference; fileEncoding = 4; lastKnownFileType = sourcecode.c.objc; path = FilterBank.m; sourceTree = "<group>"; };
		C0BD457017DE1824005734AD /* FreeCell.h */ = {isa = PBXFileReference; fileEncoding = 4; lastKnownFileType = sourcecode.c.h; path = FreeCell.h; sourceTree = "<group>"; };
		C0BD457117DE1824005734AD /* FreeCell.m */ = {isa = PBXFileReference; fileEncoding = 4; lastKnownFileType = sourcecode.c.objc; path = FreeCell.m; sourceTree = "<group>"; };
		C0C700B917F6A17B00464BE9 /* lookup_amatorka.png */ = {isa = PBXFileReference; lastKnownFileType = image.png; path = lookup_amatorka.png; sourceTree = "<group>"; };
		C0C700BA17F6A17B00464BE9 /* lookup_soft_elegance_1.png */ = {isa = PBXFileReference; lastKnownFileType = image.png; path = lookup_soft_elegance_1.png; sourceTree = "<group>"; };
		C0C700BB17F6A17B00464BE9 /* lookup_soft_elegance_2.png */ = {isa = PBXFileReference; lastKnownFileType = image.png; path = lookup_soft_elegance_2.png; sourceTree = "<group>"; };
		C0DB6F7617E602150020B394 /* Edges.jpg */ = {isa = PBXFileReference; lastKnownFileType = image.jpeg; path = Edges.jpg; sourceTree = "<group>"; };
		C0DB6F7717E602150020B394 /* Grayscale.jpg */ = {isa = PBXFileReference; lastKnownFileType = image.jpeg; path = Grayscale.jpg; sourceTree = "<group>"; };
		C0DB6F7817E602150020B394 /* HighlightShadows.jpg */ = {isa = PBXFileReference; lastKnownFileType = image.jpeg; path = HighlightShadows.jpg; sourceTree = "<group>"; };
		C0DB6F7917E602150020B394 /* Inversion.jpg */ = {isa = PBXFileReference; lastKnownFileType = image.jpeg; path = Inversion.jpg; sourceTree = "<group>"; };
		C0DB6F7A17E602150020B394 /* Pixellate.jpg */ = {isa = PBXFileReference; lastKnownFileType = image.jpeg; path = Pixellate.jpg; sourceTree = "<group>"; };
		C0DB6F7B17E602150020B394 /* Sepia.jpg */ = {isa = PBXFileReference; lastKnownFileType = image.jpeg; path = Sepia.jpg; sourceTree = "<group>"; };
		C0EFCAD717FD3E39009537F2 /* InAppPurchaseManager.h */ = {isa = PBXFileReference; fileEncoding = 4; lastKnownFileType = sourcecode.c.h; path = InAppPurchaseManager.h; sourceTree = "<group>"; };
		C0EFCAD817FD3E39009537F2 /* InAppPurchaseManager.m */ = {isa = PBXFileReference; fileEncoding = 4; lastKnownFileType = sourcecode.c.objc; path = InAppPurchaseManager.m; sourceTree = "<group>"; };
/* End PBXFileReference section */

/* Begin PBXFrameworksBuildPhase section */
		C0B4642C17DA826F00126545 /* Frameworks */ = {
			isa = PBXFrameworksBuildPhase;
			buildActionMask = 2147483647;
			files = (
				C0B4648517DA854F00126545 /* libGPUImage.a in Frameworks */,
				C0B4647817DA842F00126545 /* MediaPlayer.framework in Frameworks */,
				C0B4647217DA840800126545 /* AVFoundation.framework in Frameworks */,
				C02B829017FCD82300165792 /* StoreKit.framework in Frameworks */,
				C0B4647317DA840800126545 /* CoreMedia.framework in Frameworks */,
				C0B4647417DA840800126545 /* CoreVideo.framework in Frameworks */,
				C0B4647517DA840800126545 /* OpenGLES.framework in Frameworks */,
				C0B4647617DA840800126545 /* QuartzCore.framework in Frameworks */,
				C0B4643317DA826F00126545 /* UIKit.framework in Frameworks */,
				C0B4643517DA826F00126545 /* Foundation.framework in Frameworks */,
				C0B4643717DA826F00126545 /* CoreGraphics.framework in Frameworks */,
				C0B4643917DA826F00126545 /* CoreData.framework in Frameworks */,
			);
			runOnlyForDeploymentPostprocessing = 0;
		};
		C0B4645017DA827000126545 /* Frameworks */ = {
			isa = PBXFrameworksBuildPhase;
			buildActionMask = 2147483647;
			files = (
				C0B4645617DA827000126545 /* SenTestingKit.framework in Frameworks */,
				C0B4645717DA827000126545 /* UIKit.framework in Frameworks */,
				C0B4645817DA827000126545 /* Foundation.framework in Frameworks */,
				C0B4645917DA827000126545 /* CoreData.framework in Frameworks */,
			);
			runOnlyForDeploymentPostprocessing = 0;
		};
/* End PBXFrameworksBuildPhase section */

/* Begin PBXGroup section */
		C046912C17F08C6F00F14AE6 /* Clip Screen */ = {
			isa = PBXGroup;
			children = (
				C0B4648E17DA8CA200126545 /* ClipManager.h */,
				C0B4648F17DA8CA200126545 /* ClipManager.m */,
				C048DD3317ECAFE700F47A1D /* CachedThumbnails.h */,
				C048DD3417ECAFE700F47A1D /* CachedThumbnails.m */,
				C00BB83C17DD948500E0580D /* Cell.h */,
				C00BB83D17DD948500E0580D /* Cell.m */,
			);
			name = "Clip Screen";
			sourceTree = "<group>";
		};
		C046912F17F08CA300F14AE6 /* Main Screen */ = {
			isa = PBXGroup;
			children = (
				C0208E7417E130170097F1E8 /* ActiveFilterManager.h */,
				C0208E7517E130170097F1E8 /* ActiveFilterManager.m */,
				C0032B6717F13C9900FD72B7 /* LiveFilterView.h */,
				C0032B6817F13C9900FD72B7 /* LiveFilterView.m */,
				C0BD456B17DE180A005734AD /* FilterBank.h */,
				C0BD456C17DE180A005734AD /* FilterBank.m */,
				C0BD457017DE1824005734AD /* FreeCell.h */,
				C0BD457117DE1824005734AD /* FreeCell.m */,
				C046913117F0BF6500F14AE6 /* NavCell.h */,
				C046913217F0BF6500F14AE6 /* NavCell.m */,
				C0B4649117DA8CB400126545 /* RecordingManager.h */,
				C0B4649217DA8CB400126545 /* RecordingManager.m */,
			);
			name = "Main Screen";
			sourceTree = "<group>";
		};
		C046913017F08CC000F14AE6 /* Core Data */ = {
			isa = PBXGroup;
			children = (
				C06A359317FA224800DC3DBA /* Filter.h */,
				C06A359417FA224800DC3DBA /* Filter.m */,
				C0B4644C17DA826F00126545 /* FilterChain.xcdatamodeld */,
				C00077A217DE72DA00715694 /* FreeFilterBank.json */,
			);
			name = "Core Data";
			sourceTree = "<group>";
		};
		C053504917EE4DAA0078A3D7 /* Launch and Icon Images */ = {
			isa = PBXGroup;
			children = (
				C0A35DFB17EE62510015CA6E /* icon152.png */,
				C0A35DFC17EE62510015CA6E /* icon29.png */,
				C0A35DFD17EE62510015CA6E /* icon40.png */,
				C0A35DFE17EE62510015CA6E /* icon50.png */,
				C0A35DFF17EE62510015CA6E /* icon57.png */,
				C0A35E0017EE62510015CA6E /* icon58.png */,
				C0A35E0117EE62510015CA6E /* icon72.png */,
				C0A35E0217EE62510015CA6E /* icon76.png */,
				C0A35E0317EE62510015CA6E /* icon80.png */,
				C0A35E0417EE62510015CA6E /* icon100.png */,
				C0A35E0517EE62510015CA6E /* icon114.png */,
				C0A35E0617EE62510015CA6E /* icon144.png */,
				C0A35DF917EE62430015CA6E /* icon120.png */,
				C0A35DF317EE595F0015CA6E /* Default-Landscape@2x~ipad.png */,
				C0A35DF117EE592D0015CA6E /* Default-Portrait@2x~ipad.png */,
				C0A35DEF17EE58850015CA6E /* Default-Landscape~ipad.png */,
				C0A35DEB17EE584F0015CA6E /* Default~ipad.png */,
				C0960B6517EE50E6006FF0A5 /* Default-568h@2x.png */,
				C0960B6317EE507B006FF0A5 /* Default~iphone.png */,
				C0960B5F17EE4FE6006FF0A5 /* Default.png */,
			);
			name = "Launch and Icon Images";
			sourceTree = "<group>";
		};
		C0B4642617DA826F00126545 = {
			isa = PBXGroup;
			children = (
				C0B4647917DA851300126545 /* GPUImage.xcodeproj */,
				C0B4647717DA842F00126545 /* MediaPlayer.framework */,
				C0B4646D17DA840800126545 /* AVFoundation.framework */,
				C0B4646E17DA840800126545 /* CoreMedia.framework */,
				C0B4646F17DA840800126545 /* CoreVideo.framework */,
				C0B4647017DA840800126545 /* OpenGLES.framework */,
				C0B4647117DA840800126545 /* QuartzCore.framework */,
				C0B4643A17DA826F00126545 /* FilterChain */,
				C0B4645C17DA827000126545 /* FilterChainTests */,
				C0B4643117DA826F00126545 /* Frameworks */,
				C0B4643017DA826F00126545 /* Products */,
			);
			sourceTree = "<group>";
		};
		C0B4643017DA826F00126545 /* Products */ = {
			isa = PBXGroup;
			children = (
				C0B4642F17DA826F00126545 /* FilterChain.app */,
				C0B4645417DA827000126545 /* FilterChainTests.octest */,
			);
			name = Products;
			sourceTree = "<group>";
		};
		C0B4643117DA826F00126545 /* Frameworks */ = {
			isa = PBXGroup;
			children = (
				C02B828F17FCD82300165792 /* StoreKit.framework */,
				C0B4643217DA826F00126545 /* UIKit.framework */,
				C0B4643417DA826F00126545 /* Foundation.framework */,
				C0B4643617DA826F00126545 /* CoreGraphics.framework */,
				C0B4643817DA826F00126545 /* CoreData.framework */,
				C0B4645517DA827000126545 /* SenTestingKit.framework */,
			);
			name = Frameworks;
			sourceTree = "<group>";
		};
		C0B4643A17DA826F00126545 /* FilterChain */ = {
			isa = PBXGroup;
			children = (
				C0B4644317DA826F00126545 /* AppDelegate.h */,
				C0B4644417DA826F00126545 /* AppDelegate.m */,
				C0B4648A17DA8A4900126545 /* MainViewController.h */,
				C0B4648B17DA8A4900126545 /* MainViewController.m */,
				C0B4648617DA89FF00126545 /* Retina.xib */,
				C0EFCAD717FD3E39009537F2 /* InAppPurchaseManager.h */,
				C0EFCAD817FD3E39009537F2 /* InAppPurchaseManager.m */,
				C05C1E401801D52F004B29BA /* PurchaseAlertViewController.h */,
				C05C1E411801D52F004B29BA /* PurchaseAlertViewController.m */,
				C05C1E421801D52F004B29BA /* PurchaseAlertView.xib */,
				C046913017F08CC000F14AE6 /* Core Data */,
				C046912F17F08CA300F14AE6 /* Main Screen */,
				C046912C17F08C6F00F14AE6 /* Clip Screen */,
				C0B4643B17DA826F00126545 /* Supporting Files */,
			);
			path = FilterChain;
			sourceTree = "<group>";
		};
		C0B4643B17DA826F00126545 /* Supporting Files */ = {
			isa = PBXGroup;
			children = (
				C053504917EE4DAA0078A3D7 /* Launch and Icon Images */,
				C0DB6F8417E602570020B394 /* Supplimentary Image Files */,
				C0B4643C17DA826F00126545 /* FilterChain-Info.plist */,
				C0B4643D17DA826F00126545 /* InfoPlist.strings */,
				C0B4644017DA826F00126545 /* main.m */,
				C0B4644217DA826F00126545 /* FilterChain-Prefix.pch */,
			);
			name = "Supporting Files";
			sourceTree = "<group>";
		};
		C0B4645C17DA827000126545 /* FilterChainTests */ = {
			isa = PBXGroup;
			children = (
				C0B4646217DA827000126545 /* FilterChainTests.h */,
				C0B4646317DA827000126545 /* FilterChainTests.m */,
				C0B4645D17DA827000126545 /* Supporting Files */,
			);
			path = FilterChainTests;
			sourceTree = "<group>";
		};
		C0B4645D17DA827000126545 /* Supporting Files */ = {
			isa = PBXGroup;
			children = (
				C0B4645E17DA827000126545 /* FilterChainTests-Info.plist */,
				C0B4645F17DA827000126545 /* InfoPlist.strings */,
			);
			name = "Supporting Files";
			sourceTree = "<group>";
		};
		C0B4647A17DA851300126545 /* Products */ = {
			isa = PBXGroup;
			children = (
				C0B4648017DA851400126545 /* libGPUImage.a */,
				C0B4648217DA851400126545 /* GPUImageTests.octest */,
			);
			name = Products;
			sourceTree = "<group>";
		};
		C0DB6F8417E602570020B394 /* Supplimentary Image Files */ = {
			isa = PBXGroup;
			children = (
				C016A93317FF6E1C005EA66E /* locked.png */,
				C008F53917FCA4BA0061232A /* Sharpen.jpg */,
				C008F53A17FCA4BA0061232A /* Sketch.jpg */,
				C008F53B17FCA4BA0061232A /* Soft.jpg */,
				C008F53C17FCA4BA0061232A /* TiltShift.jpg */,
				C008F53D17FCA4BA0061232A /* Toon.jpg */,
				C008F53E17FCA4BA0061232A /* Vignette.jpg */,
				C008F53117FCA04A0061232A /* Exposure.jpg */,
				C008F53217FCA04A0061232A /* Gamma.jpg */,
				C008F53317FCA04A0061232A /* NeonEdge.jpg */,
				C008F53417FCA04A0061232A /* Saturate.jpg */,
				C008F52917FC9B5B0061232A /* Adaptive.jpg */,
				C008F52A17FC9B5B0061232A /* Amatorka.jpg */,
				C008F52B17FC9B5B0061232A /* Blur.jpg */,
				C008F52C17FC9B5B0061232A /* Contrast.jpg */,
				C0C700B917F6A17B00464BE9 /* lookup_amatorka.png */,
				C0C700BA17F6A17B00464BE9 /* lookup_soft_elegance_1.png */,
				C0C700BB17F6A17B00464BE9 /* lookup_soft_elegance_2.png */,
				C046913717F0CDFF00F14AE6 /* VideoIcon.png */,
				C073571717E540B40024D02B /* CameraLensSmall.png */,
				C0DB6F7617E602150020B394 /* Edges.jpg */,
				C0DB6F7717E602150020B394 /* Grayscale.jpg */,
				C0DB6F7817E602150020B394 /* HighlightShadows.jpg */,
				C0DB6F7917E602150020B394 /* Inversion.jpg */,
				C0DB6F7A17E602150020B394 /* Pixellate.jpg */,
				C0DB6F7B17E602150020B394 /* Sepia.jpg */,
				C073571117E5384E0024D02B /* record.png */,
				C01734A817E82EC900113DFE /* recordRedLight.png */,
				C073570317E51DE40024D02B /* OrangeSquareMin.jpg */,
			);
			name = "Supplimentary Image Files";
			sourceTree = "<group>";
		};
/* End PBXGroup section */

/* Begin PBXNativeTarget section */
		C0B4642E17DA826F00126545 /* FilterChain */ = {
			isa = PBXNativeTarget;
			buildConfigurationList = C0B4646717DA827000126545 /* Build configuration list for PBXNativeTarget "FilterChain" */;
			buildPhases = (
				C0B4642B17DA826F00126545 /* Sources */,
				C0B4642C17DA826F00126545 /* Frameworks */,
				C0B4642D17DA826F00126545 /* Resources */,
			);
			buildRules = (
			);
			dependencies = (
				C0B4648417DA853F00126545 /* PBXTargetDependency */,
			);
			name = FilterChain;
			productName = FilterChain;
			productReference = C0B4642F17DA826F00126545 /* FilterChain.app */;
			productType = "com.apple.product-type.application";
		};
		C0B4645317DA827000126545 /* FilterChainTests */ = {
			isa = PBXNativeTarget;
			buildConfigurationList = C0B4646A17DA827000126545 /* Build configuration list for PBXNativeTarget "FilterChainTests" */;
			buildPhases = (
				C0B4644F17DA827000126545 /* Sources */,
				C0B4645017DA827000126545 /* Frameworks */,
				C0B4645117DA827000126545 /* Resources */,
				C0B4645217DA827000126545 /* ShellScript */,
			);
			buildRules = (
			);
			dependencies = (
				C0B4645B17DA827000126545 /* PBXTargetDependency */,
			);
			name = FilterChainTests;
			productName = FilterChainTests;
			productReference = C0B4645417DA827000126545 /* FilterChainTests.octest */;
			productType = "com.apple.product-type.bundle";
		};
/* End PBXNativeTarget section */

/* Begin PBXProject section */
		C0B4642717DA826F00126545 /* Project object */ = {
			isa = PBXProject;
			attributes = {
				LastUpgradeCheck = 0460;
				ORGANIZATIONNAME = "Ryan Cumley";
				TargetAttributes = {
					C0B4642E17DA826F00126545 = {
						DevelopmentTeam = L5DJ695F59;
						SystemCapabilities = {
							com.apple.InAppPurchase = {
								enabled = 1;
							};
						};
					};
				};
			};
			buildConfigurationList = C0B4642A17DA826F00126545 /* Build configuration list for PBXProject "FilterChain" */;
			compatibilityVersion = "Xcode 3.2";
			developmentRegion = English;
			hasScannedForEncodings = 0;
			knownRegions = (
				en,
			);
			mainGroup = C0B4642617DA826F00126545;
			productRefGroup = C0B4643017DA826F00126545 /* Products */;
			projectDirPath = "";
			projectReferences = (
				{
					ProductGroup = C0B4647A17DA851300126545 /* Products */;
					ProjectRef = C0B4647917DA851300126545 /* GPUImage.xcodeproj */;
				},
			);
			projectRoot = "";
			targets = (
				C0B4642E17DA826F00126545 /* FilterChain */,
				C0B4645317DA827000126545 /* FilterChainTests */,
			);
		};
/* End PBXProject section */

/* Begin PBXReferenceProxy section */
		C0B4648017DA851400126545 /* libGPUImage.a */ = {
			isa = PBXReferenceProxy;
			fileType = archive.ar;
			path = libGPUImage.a;
			remoteRef = C0B4647F17DA851400126545 /* PBXContainerItemProxy */;
			sourceTree = BUILT_PRODUCTS_DIR;
		};
		C0B4648217DA851400126545 /* GPUImageTests.octest */ = {
			isa = PBXReferenceProxy;
			fileType = wrapper.cfbundle;
			path = GPUImageTests.octest;
			remoteRef = C0B4648117DA851400126545 /* PBXContainerItemProxy */;
			sourceTree = BUILT_PRODUCTS_DIR;
		};
/* End PBXReferenceProxy section */

/* Begin PBXResourcesBuildPhase section */
		C0B4642D17DA826F00126545 /* Resources */ = {
			isa = PBXResourcesBuildPhase;
			buildActionMask = 2147483647;
			files = (
				C008F54217FCA4BA0061232A /* TiltShift.jpg in Resources */,
				C0B4643F17DA826F00126545 /* InfoPlist.strings in Resources */,
				C0B4648717DA89FF00126545 /* Retina.xib in Resources */,
				C0A35DF217EE592D0015CA6E /* Default-Portrait@2x~ipad.png in Resources */,
				C00077A317DE72DA00715694 /* FreeFilterBank.json in Resources */,
				C0960B6017EE4FE6006FF0A5 /* Default.png in Resources */,
				C0A35DF017EE58850015CA6E /* Default-Landscape~ipad.png in Resources */,
				C0A35E1217EE62510015CA6E /* icon144.png in Resources */,
				C0A35E0717EE62510015CA6E /* icon152.png in Resources */,
				C008F53017FC9B5B0061232A /* Contrast.jpg in Resources */,
				C0A35E0A17EE62510015CA6E /* icon50.png in Resources */,
				C0A35DFA17EE62430015CA6E /* icon120.png in Resources */,
				C008F53F17FCA4BA0061232A /* Sharpen.jpg in Resources */,
				C008F52E17FC9B5B0061232A /* Amatorka.jpg in Resources */,
				C0C700BE17F6A17B00464BE9 /* lookup_soft_elegance_2.png in Resources */,
				C008F54017FCA4BA0061232A /* Sketch.jpg in Resources */,
				C073570417E51DE40024D02B /* OrangeSquareMin.jpg in Resources */,
				C0A35DF417EE595F0015CA6E /* Default-Landscape@2x~ipad.png in Resources */,
				C073571217E5384E0024D02B /* record.png in Resources */,
				C073571817E540B40024D02B /* CameraLensSmall.png in Resources */,
				C0A35E0E17EE62510015CA6E /* icon76.png in Resources */,
				C0C700BC17F6A17B00464BE9 /* lookup_amatorka.png in Resources */,
				C0C700BD17F6A17B00464BE9 /* lookup_soft_elegance_1.png in Resources */,
				C008F53517FCA04A0061232A /* Exposure.jpg in Resources */,
				C008F53817FCA04A0061232A /* Saturate.jpg in Resources */,
				C0A35E0917EE62510015CA6E /* icon40.png in Resources */,
				C0DB6F7C17E602150020B394 /* Edges.jpg in Resources */,
				C008F54317FCA4BA0061232A /* Toon.jpg in Resources */,
				C008F53617FCA04A0061232A /* Gamma.jpg in Resources */,
				C0DB6F7D17E602150020B394 /* Grayscale.jpg in Resources */,
				C0DB6F7E17E602150020B394 /* HighlightShadows.jpg in Resources */,
				C016A93417FF6E1C005EA66E /* locked.png in Resources */,
				C0DB6F7F17E602150020B394 /* Inversion.jpg in Resources */,
				C0A35E0D17EE62510015CA6E /* icon72.png in Resources */,
				C0DB6F8017E602150020B394 /* Pixellate.jpg in Resources */,
				C0A35E0C17EE62510015CA6E /* icon58.png in Resources */,
				C008F52F17FC9B5B0061232A /* Blur.jpg in Resources */,
				C0A35E0F17EE62510015CA6E /* icon80.png in Resources */,
				C008F54117FCA4BA0061232A /* Soft.jpg in Resources */,
				C0A35E0B17EE62510015CA6E /* icon57.png in Resources */,
				C0A35DEC17EE584F0015CA6E /* Default~ipad.png in Resources */,
				C0DB6F8117E602150020B394 /* Sepia.jpg in Resources */,
				C0A35E1017EE62510015CA6E /* icon100.png in Resources */,
				C008F53717FCA04A0061232A /* NeonEdge.jpg in Resources */,
				C0960B6417EE507B006FF0A5 /* Default~iphone.png in Resources */,
				C01734A917E82EC900113DFE /* recordRedLight.png in Resources */,
				C05C1E441801D52F004B29BA /* PurchaseAlertView.xib in Resources */,
				C0960B6617EE50E6006FF0A5 /* Default-568h@2x.png in Resources */,
				C046913817F0CDFF00F14AE6 /* VideoIcon.png in Resources */,
				C008F54417FCA4BA0061232A /* Vignette.jpg in Resources */,
				C0A35E0817EE62510015CA6E /* icon29.png in Resources */,
				C0A35E1117EE62510015CA6E /* icon114.png in Resources */,
				C008F52D17FC9B5B0061232A /* Adaptive.jpg in Resources */,
			);
			runOnlyForDeploymentPostprocessing = 0;
		};
		C0B4645117DA827000126545 /* Resources */ = {
			isa = PBXResourcesBuildPhase;
			buildActionMask = 2147483647;
			files = (
				C0B4646117DA827000126545 /* InfoPlist.strings in Resources */,
			);
			runOnlyForDeploymentPostprocessing = 0;
		};
/* End PBXResourcesBuildPhase section */

/* Begin PBXShellScriptBuildPhase section */
		C0B4645217DA827000126545 /* ShellScript */ = {
			isa = PBXShellScriptBuildPhase;
			buildActionMask = 2147483647;
			files = (
			);
			inputPaths = (
			);
			outputPaths = (
			);
			runOnlyForDeploymentPostprocessing = 0;
			shellPath = /bin/sh;
			shellScript = "# Run the unit tests in this test bundle.\n\"${SYSTEM_DEVELOPER_DIR}/Tools/RunUnitTests\"\n";
		};
/* End PBXShellScriptBuildPhase section */

/* Begin PBXSourcesBuildPhase section */
		C0B4642B17DA826F00126545 /* Sources */ = {
			isa = PBXSourcesBuildPhase;
			buildActionMask = 2147483647;
			files = (
				C0B4644117DA826F00126545 /* main.m in Sources */,
				C0B4644517DA826F00126545 /* AppDelegate.m in Sources */,
				C0B4644E17DA826F00126545 /* FilterChain.xcdatamodeld in Sources */,
				C0B4648C17DA8A4900126545 /* MainViewController.m in Sources */,
				C0B4649017DA8CA200126545 /* ClipManager.m in Sources */,
				C0B4649317DA8CB400126545 /* RecordingManager.m in Sources */,
				C00BB83E17DD948500E0580D /* Cell.m in Sources */,
				C06A359517FA224800DC3DBA /* Filter.m in Sources */,
				C048DD3517ECAFE700F47A1D /* CachedThumbnails.m in Sources */,
				C0BD456D17DE180A005734AD /* FilterBank.m in Sources */,
				C0BD457217DE1824005734AD /* FreeCell.m in Sources */,
				C0032B6917F13C9900FD72B7 /* LiveFilterView.m in Sources */,
				C05C1E431801D52F004B29BA /* PurchaseAlertViewController.m in Sources */,
				C0EFCAD917FD3E39009537F2 /* InAppPurchaseManager.m in Sources */,
				C0208E7617E130170097F1E8 /* ActiveFilterManager.m in Sources */,
				C046913317F0BF6500F14AE6 /* NavCell.m in Sources */,
			);
			runOnlyForDeploymentPostprocessing = 0;
		};
		C0B4644F17DA827000126545 /* Sources */ = {
			isa = PBXSourcesBuildPhase;
			buildActionMask = 2147483647;
			files = (
				C0B4646417DA827000126545 /* FilterChainTests.m in Sources */,
			);
			runOnlyForDeploymentPostprocessing = 0;
		};
/* End PBXSourcesBuildPhase section */

/* Begin PBXTargetDependency section */
		C0B4645B17DA827000126545 /* PBXTargetDependency */ = {
			isa = PBXTargetDependency;
			target = C0B4642E17DA826F00126545 /* FilterChain */;
			targetProxy = C0B4645A17DA827000126545 /* PBXContainerItemProxy */;
		};
		C0B4648417DA853F00126545 /* PBXTargetDependency */ = {
			isa = PBXTargetDependency;
			name = GPUImage;
			targetProxy = C0B4648317DA853F00126545 /* PBXContainerItemProxy */;
		};
/* End PBXTargetDependency section */

/* Begin PBXVariantGroup section */
		C0B4643D17DA826F00126545 /* InfoPlist.strings */ = {
			isa = PBXVariantGroup;
			children = (
				C0B4643E17DA826F00126545 /* en */,
			);
			name = InfoPlist.strings;
			sourceTree = "<group>";
		};
		C0B4645F17DA827000126545 /* InfoPlist.strings */ = {
			isa = PBXVariantGroup;
			children = (
				C0B4646017DA827000126545 /* en */,
			);
			name = InfoPlist.strings;
			sourceTree = "<group>";
		};
/* End PBXVariantGroup section */

/* Begin XCBuildConfiguration section */
		C0B4646517DA827000126545 /* Debug */ = {
			isa = XCBuildConfiguration;
			buildSettings = {
				ALWAYS_SEARCH_USER_PATHS = NO;
				CLANG_CXX_LANGUAGE_STANDARD = "gnu++0x";
				CLANG_CXX_LIBRARY = "libc++";
				CLANG_ENABLE_OBJC_ARC = YES;
				CLANG_WARN_CONSTANT_CONVERSION = YES;
				CLANG_WARN_EMPTY_BODY = YES;
				CLANG_WARN_ENUM_CONVERSION = YES;
				CLANG_WARN_INT_CONVERSION = YES;
				CLANG_WARN__DUPLICATE_METHOD_MATCH = YES;
				CODE_SIGN_IDENTITY = "iPhone Developer: Ryan Cumley (M8DK643HEQ)";
				"CODE_SIGN_IDENTITY[sdk=iphoneos*]" = "iPhone Developer";
				COPY_PHASE_STRIP = NO;
				GCC_C_LANGUAGE_STANDARD = gnu99;
				GCC_DYNAMIC_NO_PIC = NO;
				GCC_OPTIMIZATION_LEVEL = 0;
				GCC_PREPROCESSOR_DEFINITIONS = (
					"DEBUG=1",
					"$(inherited)",
				);
				GCC_SYMBOLS_PRIVATE_EXTERN = NO;
				GCC_WARN_ABOUT_RETURN_TYPE = YES;
				GCC_WARN_UNINITIALIZED_AUTOS = YES;
				GCC_WARN_UNUSED_VARIABLE = YES;
				IPHONEOS_DEPLOYMENT_TARGET = 6.1;
				ONLY_ACTIVE_ARCH = YES;
				PROVISIONING_PROFILE = "E18C7251-12F4-4A4F-93EC-B44CE91A77AF";
				SDKROOT = iphoneos;
			};
			name = Debug;
		};
		C0B4646617DA827000126545 /* Release */ = {
			isa = XCBuildConfiguration;
			buildSettings = {
				ALWAYS_SEARCH_USER_PATHS = NO;
				CLANG_CXX_LANGUAGE_STANDARD = "gnu++0x";
				CLANG_CXX_LIBRARY = "libc++";
				CLANG_ENABLE_OBJC_ARC = YES;
				CLANG_WARN_CONSTANT_CONVERSION = YES;
				CLANG_WARN_EMPTY_BODY = YES;
				CLANG_WARN_ENUM_CONVERSION = YES;
				CLANG_WARN_INT_CONVERSION = YES;
				CLANG_WARN__DUPLICATE_METHOD_MATCH = YES;
				CODE_SIGN_IDENTITY = "iPhone Developer: Ryan Cumley (M8DK643HEQ)";
				"CODE_SIGN_IDENTITY[sdk=iphoneos*]" = "iPhone Developer";
				COPY_PHASE_STRIP = YES;
				GCC_C_LANGUAGE_STANDARD = gnu99;
				GCC_WARN_ABOUT_RETURN_TYPE = YES;
				GCC_WARN_UNINITIALIZED_AUTOS = YES;
				GCC_WARN_UNUSED_VARIABLE = YES;
				IPHONEOS_DEPLOYMENT_TARGET = 6.1;
				OTHER_CFLAGS = "-DNS_BLOCK_ASSERTIONS=1";
				PROVISIONING_PROFILE = "E18C7251-12F4-4A4F-93EC-B44CE91A77AF";
				SDKROOT = iphoneos;
				VALIDATE_PRODUCT = YES;
			};
			name = Release;
		};
		C0B4646817DA827000126545 /* Debug */ = {
			isa = XCBuildConfiguration;
			buildSettings = {
				CODE_SIGN_IDENTITY = "iPhone Developer";
				"CODE_SIGN_IDENTITY[sdk=iphoneos*]" = "iPhone Developer";
				GCC_PRECOMPILE_PREFIX_HEADER = YES;
				GCC_PREFIX_HEADER = "FilterChain/FilterChain-Prefix.pch";
				HEADER_SEARCH_PATHS = "../GPUImage-master/framework/**";
				INFOPLIST_FILE = "FilterChain/FilterChain-Info.plist";
				IPHONEOS_DEPLOYMENT_TARGET = 6.1;
				OTHER_LDFLAGS = "-ObjC";
				PRODUCT_NAME = "$(TARGET_NAME)";
				PROVISIONING_PROFILE = "";
				TARGETED_DEVICE_FAMILY = "1,2";
				WRAPPER_EXTENSION = app;
			};
			name = Debug;
		};
		C0B4646917DA827000126545 /* Release */ = {
			isa = XCBuildConfiguration;
			buildSettings = {
				CODE_SIGN_IDENTITY = "iPhone Developer";
				"CODE_SIGN_IDENTITY[sdk=iphoneos*]" = "iPhone Developer";
				GCC_PRECOMPILE_PREFIX_HEADER = YES;
				GCC_PREFIX_HEADER = "FilterChain/FilterChain-Prefix.pch";
				HEADER_SEARCH_PATHS = "../GPUImage-master/framework/**";
				INFOPLIST_FILE = "FilterChain/FilterChain-Info.plist";
				IPHONEOS_DEPLOYMENT_TARGET = 6.1;
				OTHER_LDFLAGS = "-ObjC";
				PRODUCT_NAME = "$(TARGET_NAME)";
				PROVISIONING_PROFILE = "";
				TARGETED_DEVICE_FAMILY = "1,2";
				WRAPPER_EXTENSION = app;
			};
			name = Release;
		};
		C0B4646B17DA827000126545 /* Debug */ = {
			isa = XCBuildConfiguration;
			buildSettings = {
				BUNDLE_LOADER = "$(BUILT_PRODUCTS_DIR)/FilterChain.app/FilterChain";
				FRAMEWORK_SEARCH_PATHS = (
					"\"$(SDKROOT)/Developer/Library/Frameworks\"",
					"\"$(DEVELOPER_LIBRARY_DIR)/Frameworks\"",
				);
				GCC_PRECOMPILE_PREFIX_HEADER = YES;
				GCC_PREFIX_HEADER = "FilterChain/FilterChain-Prefix.pch";
				INFOPLIST_FILE = "FilterChainTests/FilterChainTests-Info.plist";
				PRODUCT_NAME = "$(TARGET_NAME)";
				TEST_HOST = "$(BUNDLE_LOADER)";
				WRAPPER_EXTENSION = octest;
			};
			name = Debug;
		};
		C0B4646C17DA827000126545 /* Release */ = {
			isa = XCBuildConfiguration;
			buildSettings = {
				BUNDLE_LOADER = "$(BUILT_PRODUCTS_DIR)/FilterChain.app/FilterChain";
				FRAMEWORK_SEARCH_PATHS = (
					"\"$(SDKROOT)/Developer/Library/Frameworks\"",
					"\"$(DEVELOPER_LIBRARY_DIR)/Frameworks\"",
				);
				GCC_PRECOMPILE_PREFIX_HEADER = YES;
				GCC_PREFIX_HEADER = "FilterChain/FilterChain-Prefix.pch";
				INFOPLIST_FILE = "FilterChainTests/FilterChainTests-Info.plist";
				PRODUCT_NAME = "$(TARGET_NAME)";
				TEST_HOST = "$(BUNDLE_LOADER)";
				WRAPPER_EXTENSION = octest;
			};
			name = Release;
		};
/* End XCBuildConfiguration section */

/* Begin XCConfigurationList section */
		C0B4642A17DA826F00126545 /* Build configuration list for PBXProject "FilterChain" */ = {
			isa = XCConfigurationList;
			buildConfigurations = (
				C0B4646517DA827000126545 /* Debug */,
				C0B4646617DA827000126545 /* Release */,
			);
			defaultConfigurationIsVisible = 0;
			defaultConfigurationName = Release;
		};
		C0B4646717DA827000126545 /* Build configuration list for PBXNativeTarget "FilterChain" */ = {
			isa = XCConfigurationList;
			buildConfigurations = (
				C0B4646817DA827000126545 /* Debug */,
				C0B4646917DA827000126545 /* Release */,
			);
			defaultConfigurationIsVisible = 0;
			defaultConfigurationName = Release;
		};
		C0B4646A17DA827000126545 /* Build configuration list for PBXNativeTarget "FilterChainTests" */ = {
			isa = XCConfigurationList;
			buildConfigurations = (
				C0B4646B17DA827000126545 /* Debug */,
				C0B4646C17DA827000126545 /* Release */,
			);
			defaultConfigurationIsVisible = 0;
			defaultConfigurationName = Release;
		};
/* End XCConfigurationList section */

/* Begin XCVersionGroup section */
		C0B4644C17DA826F00126545 /* FilterChain.xcdatamodeld */ = {
			isa = XCVersionGroup;
			children = (
				C0B4644D17DA826F00126545 /* FilterChain.xcdatamodel */,
			);
			currentVersion = C0B4644D17DA826F00126545 /* FilterChain.xcdatamodel */;
			path = FilterChain.xcdatamodeld;
			sourceTree = "<group>";
			versionGroupType = wrapper.xcdatamodel;
		};
/* End XCVersionGroup section */
	};
	rootObject = C0B4642717DA826F00126545 /* Project object */;
}
