// !$*UTF8*$!
{
	archiveVersion = 1;
	classes = {
	};
	objectVersion = 46;
	objects = {

/* Begin PBXBuildFile section */
		C00077A317DE72DA00715694 /* FilterBank.json in Resources */ = {isa = PBXBuildFile; fileRef = C00077A217DE72DA00715694 /* FilterBank.json */; };
		C00BB83E17DD948500E0580D /* Cell.m in Sources */ = {isa = PBXBuildFile; fileRef = C00BB83D17DD948500E0580D /* Cell.m */; };
		C0208E7617E130170097F1E8 /* ActiveFilterManager.m in Sources */ = {isa = PBXBuildFile; fileRef = C0208E7517E130170097F1E8 /* ActiveFilterManager.m */; };
		C031702917DE7BBE003F8ACB /* Filter.m in Sources */ = {isa = PBXBuildFile; fileRef = C031702817DE7BBE003F8ACB /* Filter.m */; };
		C031702E17DE94E8003F8ACB /* camera-3.png in Resources */ = {isa = PBXBuildFile; fileRef = C031702D17DE94E8003F8ACB /* camera-3.png */; };
		C031703017DE9537003F8ACB /* image.png in Resources */ = {isa = PBXBuildFile; fileRef = C031702F17DE9537003F8ACB /* image.png */; };
		C031703217DE95A3003F8ACB /* outgoing.png in Resources */ = {isa = PBXBuildFile; fileRef = C031703117DE95A3003F8ACB /* outgoing.png */; };
		C031703417DE95C5003F8ACB /* video.png in Resources */ = {isa = PBXBuildFile; fileRef = C031703317DE95C5003F8ACB /* video.png */; };
		C073570417E51DE40024D02B /* OrangeSquareMin.jpg in Resources */ = {isa = PBXBuildFile; fileRef = C073570317E51DE40024D02B /* OrangeSquareMin.jpg */; };
		C073571217E5384E0024D02B /* record.png in Resources */ = {isa = PBXBuildFile; fileRef = C073571117E5384E0024D02B /* record.png */; };
		C073571617E53A2E0024D02B /* clipsbutton.png in Resources */ = {isa = PBXBuildFile; fileRef = C073571517E53A2E0024D02B /* clipsbutton.png */; };
		C073571817E540B40024D02B /* CameraLensSmall.png in Resources */ = {isa = PBXBuildFile; fileRef = C073571717E540B40024D02B /* CameraLensSmall.png */; };
		C0B4643317DA826F00126545 /* UIKit.framework in Frameworks */ = {isa = PBXBuildFile; fileRef = C0B4643217DA826F00126545 /* UIKit.framework */; };
		C0B4643517DA826F00126545 /* Foundation.framework in Frameworks */ = {isa = PBXBuildFile; fileRef = C0B4643417DA826F00126545 /* Foundation.framework */; };
		C0B4643717DA826F00126545 /* CoreGraphics.framework in Frameworks */ = {isa = PBXBuildFile; fileRef = C0B4643617DA826F00126545 /* CoreGraphics.framework */; };
		C0B4643917DA826F00126545 /* CoreData.framework in Frameworks */ = {isa = PBXBuildFile; fileRef = C0B4643817DA826F00126545 /* CoreData.framework */; };
		C0B4643F17DA826F00126545 /* InfoPlist.strings in Resources */ = {isa = PBXBuildFile; fileRef = C0B4643D17DA826F00126545 /* InfoPlist.strings */; };
		C0B4644117DA826F00126545 /* main.m in Sources */ = {isa = PBXBuildFile; fileRef = C0B4644017DA826F00126545 /* main.m */; };
		C0B4644517DA826F00126545 /* AppDelegate.m in Sources */ = {isa = PBXBuildFile; fileRef = C0B4644417DA826F00126545 /* AppDelegate.m */; };
		C0B4644717DA826F00126545 /* Default.png in Resources */ = {isa = PBXBuildFile; fileRef = C0B4644617DA826F00126545 /* Default.png */; };
		C0B4644917DA826F00126545 /* Default@2x.png in Resources */ = {isa = PBXBuildFile; fileRef = C0B4644817DA826F00126545 /* Default@2x.png */; };
		C0B4644B17DA826F00126545 /* Default-568h@2x.png in Resources */ = {isa = PBXBuildFile; fileRef = C0B4644A17DA826F00126545 /* Default-568h@2x.png */; };
		C0B4644E17DA826F00126545 /* FilterChain.xcdatamodeld in Sources */ = {isa = PBXBuildFile; fileRef = C0B4644C17DA826F00126545 /* FilterChain.xcdatamodeld */; };
		C0B4645617DA827000126545 /* SenTestingKit.framework in Frameworks */ = {isa = PBXBuildFile; fileRef = C0B4645517DA827000126545 /* SenTestingKit.framework */; };
		C0B4645717DA827000126545 /* UIKit.framework in Frameworks */ = {isa = PBXBuildFile; fileRef = C0B4643217DA826F00126545 /* UIKit.framework */; };
		C0B4645817DA827000126545 /* Foundation.framework in Frameworks */ = {isa = PBXBuildFile; fileRef = C0B4643417DA826F00126545 /* Foundation.framework */; };
		C0B4645917DA827000126545 /* CoreData.framework in Frameworks */ = {isa = PBXBuildFile; fileRef = C0B4643817DA826F00126545 /* CoreData.framework */; };
		C0B4646117DA827000126545 /* InfoPlist.strings in Resources */ = {isa = PBXBuildFile; fileRef = C0B4645F17DA827000126545 /* InfoPlist.strings */; };
		C0B4646417DA827000126545 /* FilterChainTests.m in Sources */ = {isa = PBXBuildFile; fileRef = C0B4646317DA827000126545 /* FilterChainTests.m */; };
		C0B4647217DA840800126545 /* AVFoundation.framework in Frameworks */ = {isa = PBXBuildFile; fileRef = C0B4646D17DA840800126545 /* AVFoundation.framework */; };
		C0B4647317DA840800126545 /* CoreMedia.framework in Frameworks */ = {isa = PBXBuildFile; fileRef = C0B4646E17DA840800126545 /* CoreMedia.framework */; };
		C0B4647417DA840800126545 /* CoreVideo.framework in Frameworks */ = {isa = PBXBuildFile; fileRef = C0B4646F17DA840800126545 /* CoreVideo.framework */; };
		C0B4647517DA840800126545 /* OpenGLES.framework in Frameworks */ = {isa = PBXBuildFile; fileRef = C0B4647017DA840800126545 /* OpenGLES.framework */; };
		C0B4647617DA840800126545 /* QuartzCore.framework in Frameworks */ = {isa = PBXBuildFile; fileRef = C0B4647117DA840800126545 /* QuartzCore.framework */; };
		C0B4647817DA842F00126545 /* MediaPlayer.framework in Frameworks */ = {isa = PBXBuildFile; fileRef = C0B4647717DA842F00126545 /* MediaPlayer.framework */; };
		C0B4648517DA854F00126545 /* libGPUImage.a in Frameworks */ = {isa = PBXBuildFile; fileRef = C0B4648017DA851400126545 /* libGPUImage.a */; };
		C0B4648717DA89FF00126545 /* Retina.xib in Resources */ = {isa = PBXBuildFile; fileRef = C0B4648617DA89FF00126545 /* Retina.xib */; };
		C0B4648917DA8A2B00126545 /* OldDisplay.xib in Resources */ = {isa = PBXBuildFile; fileRef = C0B4648817DA8A2B00126545 /* OldDisplay.xib */; };
		C0B4648C17DA8A4900126545 /* MainViewController.m in Sources */ = {isa = PBXBuildFile; fileRef = C0B4648B17DA8A4900126545 /* MainViewController.m */; };
		C0B4649017DA8CA200126545 /* ClipManager.m in Sources */ = {isa = PBXBuildFile; fileRef = C0B4648F17DA8CA200126545 /* ClipManager.m */; };
		C0B4649317DA8CB400126545 /* RecordingManager.m in Sources */ = {isa = PBXBuildFile; fileRef = C0B4649217DA8CB400126545 /* RecordingManager.m */; };
		C0B4649617DA8D6700126545 /* ControlBoxManager.m in Sources */ = {isa = PBXBuildFile; fileRef = C0B4649517DA8D6700126545 /* ControlBoxManager.m */; };
		C0BD456D17DE180A005734AD /* FilterBank.m in Sources */ = {isa = PBXBuildFile; fileRef = C0BD456C17DE180A005734AD /* FilterBank.m */; };
		C0BD457217DE1824005734AD /* BankCell.m in Sources */ = {isa = PBXBuildFile; fileRef = C0BD457117DE1824005734AD /* BankCell.m */; };
		C0DB6F7C17E602150020B394 /* Edges.jpg in Resources */ = {isa = PBXBuildFile; fileRef = C0DB6F7617E602150020B394 /* Edges.jpg */; };
		C0DB6F7D17E602150020B394 /* Grayscale.jpg in Resources */ = {isa = PBXBuildFile; fileRef = C0DB6F7717E602150020B394 /* Grayscale.jpg */; };
		C0DB6F7E17E602150020B394 /* HighlightShadows.jpg in Resources */ = {isa = PBXBuildFile; fileRef = C0DB6F7817E602150020B394 /* HighlightShadows.jpg */; };
		C0DB6F7F17E602150020B394 /* Inversion.jpg in Resources */ = {isa = PBXBuildFile; fileRef = C0DB6F7917E602150020B394 /* Inversion.jpg */; };
		C0DB6F8017E602150020B394 /* Pixellate.jpg in Resources */ = {isa = PBXBuildFile; fileRef = C0DB6F7A17E602150020B394 /* Pixellate.jpg */; };
		C0DB6F8117E602150020B394 /* Sepia.jpg in Resources */ = {isa = PBXBuildFile; fileRef = C0DB6F7B17E602150020B394 /* Sepia.jpg */; };
/* End PBXBuildFile section */

/* Begin PBXContainerItemProxy section */
		C0B4645A17DA827000126545 /* PBXContainerItemProxy */ = {
			isa = PBXContainerItemProxy;
			containerPortal = C0B4642717DA826F00126545 /* Project object */;
			proxyType = 1;
			remoteGlobalIDString = C0B4642E17DA826F00126545;
			remoteInfo = FilterChain;
		};
		C0B4647F17DA851400126545 /* PBXContainerItemProxy */ = {
			isa = PBXContainerItemProxy;
			containerPortal = C0B4647917DA851300126545 /* GPUImage.xcodeproj */;
			proxyType = 2;
			remoteGlobalIDString = BCF1A33414DDB1EC00852800;
			remoteInfo = GPUImage;
		};
		C0B4648117DA851400126545 /* PBXContainerItemProxy */ = {
			isa = PBXContainerItemProxy;
			containerPortal = C0B4647917DA851300126545 /* GPUImage.xcodeproj */;
			proxyType = 2;
			remoteGlobalIDString = BCF1A34414DDB1EC00852800;
			remoteInfo = GPUImageTests;
		};
		C0B4648317DA853F00126545 /* PBXContainerItemProxy */ = {
			isa = PBXContainerItemProxy;
			containerPortal = C0B4647917DA851300126545 /* GPUImage.xcodeproj */;
			proxyType = 1;
			remoteGlobalIDString = BCF1A33314DDB1EC00852800;
			remoteInfo = GPUImage;
		};
/* End PBXContainerItemProxy section */

/* Begin PBXFileReference section */
		C00077A217DE72DA00715694 /* FilterBank.json */ = {isa = PBXFileReference; fileEncoding = 4; lastKnownFileType = text.json; path = FilterBank.json; sourceTree = "<group>"; };
		C00BB83C17DD948500E0580D /* Cell.h */ = {isa = PBXFileReference; fileEncoding = 4; lastKnownFileType = sourcecode.c.h; path = Cell.h; sourceTree = "<group>"; };
		C00BB83D17DD948500E0580D /* Cell.m */ = {isa = PBXFileReference; fileEncoding = 4; lastKnownFileType = sourcecode.c.objc; path = Cell.m; sourceTree = "<group>"; };
		C0208E7417E130170097F1E8 /* ActiveFilterManager.h */ = {isa = PBXFileReference; fileEncoding = 4; lastKnownFileType = sourcecode.c.h; path = ActiveFilterManager.h; sourceTree = "<group>"; };
		C0208E7517E130170097F1E8 /* ActiveFilterManager.m */ = {isa = PBXFileReference; fileEncoding = 4; lastKnownFileType = sourcecode.c.objc; path = ActiveFilterManager.m; sourceTree = "<group>"; };
		C031702717DE7BBE003F8ACB /* Filter.h */ = {isa = PBXFileReference; fileEncoding = 4; lastKnownFileType = sourcecode.c.h; path = Filter.h; sourceTree = "<group>"; };
		C031702817DE7BBE003F8ACB /* Filter.m */ = {isa = PBXFileReference; fileEncoding = 4; lastKnownFileType = sourcecode.c.objc; path = Filter.m; sourceTree = "<group>"; };
		C031702D17DE94E8003F8ACB /* camera-3.png */ = {isa = PBXFileReference; lastKnownFileType = image.png; path = "camera-3.png"; sourceTree = "<group>"; };
		C031702F17DE9537003F8ACB /* image.png */ = {isa = PBXFileReference; lastKnownFileType = image.png; name = image.png; path = ../image.png; sourceTree = "<group>"; };
		C031703117DE95A3003F8ACB /* outgoing.png */ = {isa = PBXFileReference; lastKnownFileType = image.png; path = outgoing.png; sourceTree = "<group>"; };
		C031703317DE95C5003F8ACB /* video.png */ = {isa = PBXFileReference; lastKnownFileType = image.png; path = video.png; sourceTree = "<group>"; };
		C073570317E51DE40024D02B /* OrangeSquareMin.jpg */ = {isa = PBXFileReference; lastKnownFileType = image.jpeg; path = OrangeSquareMin.jpg; sourceTree = "<group>"; };
		C073571117E5384E0024D02B /* record.png */ = {isa = PBXFileReference; lastKnownFileType = image.png; path = record.png; sourceTree = "<group>"; };
		C073571517E53A2E0024D02B /* clipsbutton.png */ = {isa = PBXFileReference; lastKnownFileType = image.png; path = clipsbutton.png; sourceTree = "<group>"; };
		C073571717E540B40024D02B /* CameraLensSmall.png */ = {isa = PBXFileReference; lastKnownFileType = image.png; path = CameraLensSmall.png; sourceTree = "<group>"; };
		C0B4642F17DA826F00126545 /* FilterChain.app */ = {isa = PBXFileReference; explicitFileType = wrapper.application; includeInIndex = 0; path = FilterChain.app; sourceTree = BUILT_PRODUCTS_DIR; };
		C0B4643217DA826F00126545 /* UIKit.framework */ = {isa = PBXFileReference; lastKnownFileType = wrapper.framework; name = UIKit.framework; path = System/Library/Frameworks/UIKit.framework; sourceTree = SDKROOT; };
		C0B4643417DA826F00126545 /* Foundation.framework */ = {isa = PBXFileReference; lastKnownFileType = wrapper.framework; name = Foundation.framework; path = System/Library/Frameworks/Foundation.framework; sourceTree = SDKROOT; };
		C0B4643617DA826F00126545 /* CoreGraphics.framework */ = {isa = PBXFileReference; lastKnownFileType = wrapper.framework; name = CoreGraphics.framework; path = System/Library/Frameworks/CoreGraphics.framework; sourceTree = SDKROOT; };
		C0B4643817DA826F00126545 /* CoreData.framework */ = {isa = PBXFileReference; lastKnownFileType = wrapper.framework; name = CoreData.framework; path = System/Library/Frameworks/CoreData.framework; sourceTree = SDKROOT; };
		C0B4643C17DA826F00126545 /* FilterChain-Info.plist */ = {isa = PBXFileReference; lastKnownFileType = text.plist.xml; path = "FilterChain-Info.plist"; sourceTree = "<group>"; };
		C0B4643E17DA826F00126545 /* en */ = {isa = PBXFileReference; lastKnownFileType = text.plist.strings; name = en; path = en.lproj/InfoPlist.strings; sourceTree = "<group>"; };
		C0B4644017DA826F00126545 /* main.m */ = {isa = PBXFileReference; lastKnownFileType = sourcecode.c.objc; path = main.m; sourceTree = "<group>"; };
		C0B4644217DA826F00126545 /* FilterChain-Prefix.pch */ = {isa = PBXFileReference; lastKnownFileType = sourcecode.c.h; path = "FilterChain-Prefix.pch"; sourceTree = "<group>"; };
		C0B4644317DA826F00126545 /* AppDelegate.h */ = {isa = PBXFileReference; lastKnownFileType = sourcecode.c.h; path = AppDelegate.h; sourceTree = "<group>"; };
		C0B4644417DA826F00126545 /* AppDelegate.m */ = {isa = PBXFileReference; lastKnownFileType = sourcecode.c.objc; path = AppDelegate.m; sourceTree = "<group>"; };
		C0B4644617DA826F00126545 /* Default.png */ = {isa = PBXFileReference; lastKnownFileType = image.png; path = Default.png; sourceTree = "<group>"; };
		C0B4644817DA826F00126545 /* Default@2x.png */ = {isa = PBXFileReference; lastKnownFileType = image.png; path = "Default@2x.png"; sourceTree = "<group>"; };
		C0B4644A17DA826F00126545 /* Default-568h@2x.png */ = {isa = PBXFileReference; lastKnownFileType = image.png; path = "Default-568h@2x.png"; sourceTree = "<group>"; };
		C0B4644D17DA826F00126545 /* FilterChain.xcdatamodel */ = {isa = PBXFileReference; lastKnownFileType = wrapper.xcdatamodel; path = FilterChain.xcdatamodel; sourceTree = "<group>"; };
		C0B4645417DA827000126545 /* FilterChainTests.octest */ = {isa = PBXFileReference; explicitFileType = wrapper.cfbundle; includeInIndex = 0; path = FilterChainTests.octest; sourceTree = BUILT_PRODUCTS_DIR; };
		C0B4645517DA827000126545 /* SenTestingKit.framework */ = {isa = PBXFileReference; lastKnownFileType = wrapper.framework; name = SenTestingKit.framework; path = Library/Frameworks/SenTestingKit.framework; sourceTree = DEVELOPER_DIR; };
		C0B4645E17DA827000126545 /* FilterChainTests-Info.plist */ = {isa = PBXFileReference; lastKnownFileType = text.plist.xml; path = "FilterChainTests-Info.plist"; sourceTree = "<group>"; };
		C0B4646017DA827000126545 /* en */ = {isa = PBXFileReference; lastKnownFileType = text.plist.strings; name = en; path = en.lproj/InfoPlist.strings; sourceTree = "<group>"; };
		C0B4646217DA827000126545 /* FilterChainTests.h */ = {isa = PBXFileReference; lastKnownFileType = sourcecode.c.h; path = FilterChainTests.h; sourceTree = "<group>"; };
		C0B4646317DA827000126545 /* FilterChainTests.m */ = {isa = PBXFileReference; lastKnownFileType = sourcecode.c.objc; path = FilterChainTests.m; sourceTree = "<group>"; };
		C0B4646D17DA840800126545 /* AVFoundation.framework */ = {isa = PBXFileReference; lastKnownFileType = wrapper.framework; name = AVFoundation.framework; path = System/Library/Frameworks/AVFoundation.framework; sourceTree = SDKROOT; };
		C0B4646E17DA840800126545 /* CoreMedia.framework */ = {isa = PBXFileReference; lastKnownFileType = wrapper.framework; name = CoreMedia.framework; path = System/Library/Frameworks/CoreMedia.framework; sourceTree = SDKROOT; };
		C0B4646F17DA840800126545 /* CoreVideo.framework */ = {isa = PBXFileReference; lastKnownFileType = wrapper.framework; name = CoreVideo.framework; path = System/Library/Frameworks/CoreVideo.framework; sourceTree = SDKROOT; };
		C0B4647017DA840800126545 /* OpenGLES.framework */ = {isa = PBXFileReference; lastKnownFileType = wrapper.framework; name = OpenGLES.framework; path = System/Library/Frameworks/OpenGLES.framework; sourceTree = SDKROOT; };
		C0B4647117DA840800126545 /* QuartzCore.framework */ = {isa = PBXFileReference; lastKnownFileType = wrapper.framework; name = QuartzCore.framework; path = System/Library/Frameworks/QuartzCore.framework; sourceTree = SDKROOT; };
		C0B4647717DA842F00126545 /* MediaPlayer.framework */ = {isa = PBXFileReference; lastKnownFileType = wrapper.framework; name = MediaPlayer.framework; path = System/Library/Frameworks/MediaPlayer.framework; sourceTree = SDKROOT; };
		C0B4647917DA851300126545 /* GPUImage.xcodeproj */ = {isa = PBXFileReference; lastKnownFileType = "wrapper.pb-project"; name = GPUImage.xcodeproj; path = "../GPUImage-master/framework/GPUImage.xcodeproj"; sourceTree = "<group>"; };
		C0B4648617DA89FF00126545 /* Retina.xib */ = {isa = PBXFileReference; fileEncoding = 4; lastKnownFileType = file.xib; path = Retina.xib; sourceTree = "<group>"; };
		C0B4648817DA8A2B00126545 /* OldDisplay.xib */ = {isa = PBXFileReference; fileEncoding = 4; lastKnownFileType = file.xib; path = OldDisplay.xib; sourceTree = "<group>"; };
		C0B4648A17DA8A4900126545 /* MainViewController.h */ = {isa = PBXFileReference; fileEncoding = 4; lastKnownFileType = sourcecode.c.h; path = MainViewController.h; sourceTree = "<group>"; };
		C0B4648B17DA8A4900126545 /* MainViewController.m */ = {isa = PBXFileReference; fileEncoding = 4; lastKnownFileType = sourcecode.c.objc; path = MainViewController.m; sourceTree = "<group>"; };
		C0B4648E17DA8CA200126545 /* ClipManager.h */ = {isa = PBXFileReference; fileEncoding = 4; lastKnownFileType = sourcecode.c.h; path = ClipManager.h; sourceTree = "<group>"; };
		C0B4648F17DA8CA200126545 /* ClipManager.m */ = {isa = PBXFileReference; fileEncoding = 4; lastKnownFileType = sourcecode.c.objc; path = ClipManager.m; sourceTree = "<group>"; };
		C0B4649117DA8CB400126545 /* RecordingManager.h */ = {isa = PBXFileReference; fileEncoding = 4; lastKnownFileType = sourcecode.c.h; path = RecordingManager.h; sourceTree = "<group>"; };
		C0B4649217DA8CB400126545 /* RecordingManager.m */ = {isa = PBXFileReference; fileEncoding = 4; lastKnownFileType = sourcecode.c.objc; path = RecordingManager.m; sourceTree = "<group>"; };
		C0B4649417DA8D6700126545 /* ControlBoxManager.h */ = {isa = PBXFileReference; fileEncoding = 4; lastKnownFileType = sourcecode.c.h; path = ControlBoxManager.h; sourceTree = "<group>"; };
		C0B4649517DA8D6700126545 /* ControlBoxManager.m */ = {isa = PBXFileReference; fileEncoding = 4; lastKnownFileType = sourcecode.c.objc; path = ControlBoxManager.m; sourceTree = "<group>"; };
		C0BD456B17DE180A005734AD /* FilterBank.h */ = {isa = PBXFileReference; fileEncoding = 4; lastKnownFileType = sourcecode.c.h; path = FilterBank.h; sourceTree = "<group>"; };
		C0BD456C17DE180A005734AD /* FilterBank.m */ = {isa = PBXFileReference; fileEncoding = 4; lastKnownFileType = sourcecode.c.objc; path = FilterBank.m; sourceTree = "<group>"; };
		C0BD457017DE1824005734AD /* BankCell.h */ = {isa = PBXFileReference; fileEncoding = 4; lastKnownFileType = sourcecode.c.h; path = BankCell.h; sourceTree = "<group>"; };
		C0BD457117DE1824005734AD /* BankCell.m */ = {isa = PBXFileReference; fileEncoding = 4; lastKnownFileType = sourcecode.c.objc; path = BankCell.m; sourceTree = "<group>"; };
		C0DB6F7617E602150020B394 /* Edges.jpg */ = {isa = PBXFileReference; lastKnownFileType = image.jpeg; path = Edges.jpg; sourceTree = "<group>"; };
		C0DB6F7717E602150020B394 /* Grayscale.jpg */ = {isa = PBXFileReference; lastKnownFileType = image.jpeg; path = Grayscale.jpg; sourceTree = "<group>"; };
		C0DB6F7817E602150020B394 /* HighlightShadows.jpg */ = {isa = PBXFileReference; lastKnownFileType = image.jpeg; path = HighlightShadows.jpg; sourceTree = "<group>"; };
		C0DB6F7917E602150020B394 /* Inversion.jpg */ = {isa = PBXFileReference; lastKnownFileType = image.jpeg; path = Inversion.jpg; sourceTree = "<group>"; };
		C0DB6F7A17E602150020B394 /* Pixellate.jpg */ = {isa = PBXFileReference; lastKnownFileType = image.jpeg; path = Pixellate.jpg; sourceTree = "<group>"; };
		C0DB6F7B17E602150020B394 /* Sepia.jpg */ = {isa = PBXFileReference; lastKnownFileType = image.jpeg; path = Sepia.jpg; sourceTree = "<group>"; };
/* End PBXFileReference section */

/* Begin PBXFrameworksBuildPhase section */
		C0B4642C17DA826F00126545 /* Frameworks */ = {
			isa = PBXFrameworksBuildPhase;
			buildActionMask = 2147483647;
			files = (
				C0B4648517DA854F00126545 /* libGPUImage.a in Frameworks */,
				C0B4647817DA842F00126545 /* MediaPlayer.framework in Frameworks */,
				C0B4647217DA840800126545 /* AVFoundation.framework in Frameworks */,
				C0B4647317DA840800126545 /* CoreMedia.framework in Frameworks */,
				C0B4647417DA840800126545 /* CoreVideo.framework in Frameworks */,
				C0B4647517DA840800126545 /* OpenGLES.framework in Frameworks */,
				C0B4647617DA840800126545 /* QuartzCore.framework in Frameworks */,
				C0B4643317DA826F00126545 /* UIKit.framework in Frameworks */,
				C0B4643517DA826F00126545 /* Foundation.framework in Frameworks */,
				C0B4643717DA826F00126545 /* CoreGraphics.framework in Frameworks */,
				C0B4643917DA826F00126545 /* CoreData.framework in Frameworks */,
			);
			runOnlyForDeploymentPostprocessing = 0;
		};
		C0B4645017DA827000126545 /* Frameworks */ = {
			isa = PBXFrameworksBuildPhase;
			buildActionMask = 2147483647;
			files = (
				C0B4645617DA827000126545 /* SenTestingKit.framework in Frameworks */,
				C0B4645717DA827000126545 /* UIKit.framework in Frameworks */,
				C0B4645817DA827000126545 /* Foundation.framework in Frameworks */,
				C0B4645917DA827000126545 /* CoreData.framework in Frameworks */,
			);
			runOnlyForDeploymentPostprocessing = 0;
		};
/* End PBXFrameworksBuildPhase section */

/* Begin PBXGroup section */
		C0B4642617DA826F00126545 = {
			isa = PBXGroup;
			children = (
				C0B4647917DA851300126545 /* GPUImage.xcodeproj */,
				C0B4647717DA842F00126545 /* MediaPlayer.framework */,
				C0B4646D17DA840800126545 /* AVFoundation.framework */,
				C0B4646E17DA840800126545 /* CoreMedia.framework */,
				C0B4646F17DA840800126545 /* CoreVideo.framework */,
				C0B4647017DA840800126545 /* OpenGLES.framework */,
				C0B4647117DA840800126545 /* QuartzCore.framework */,
				C0B4643A17DA826F00126545 /* FilterChain */,
				C0B4645C17DA827000126545 /* FilterChainTests */,
				C0B4643117DA826F00126545 /* Frameworks */,
				C0B4643017DA826F00126545 /* Products */,
			);
			sourceTree = "<group>";
		};
		C0B4643017DA826F00126545 /* Products */ = {
			isa = PBXGroup;
			children = (
				C0B4642F17DA826F00126545 /* FilterChain.app */,
				C0B4645417DA827000126545 /* FilterChainTests.octest */,
			);
			name = Products;
			sourceTree = "<group>";
		};
		C0B4643117DA826F00126545 /* Frameworks */ = {
			isa = PBXGroup;
			children = (
				C0B4643217DA826F00126545 /* UIKit.framework */,
				C0B4643417DA826F00126545 /* Foundation.framework */,
				C0B4643617DA826F00126545 /* CoreGraphics.framework */,
				C0B4643817DA826F00126545 /* CoreData.framework */,
				C0B4645517DA827000126545 /* SenTestingKit.framework */,
			);
			name = Frameworks;
			sourceTree = "<group>";
		};
		C0B4643A17DA826F00126545 /* FilterChain */ = {
			isa = PBXGroup;
			children = (
				C0B4644317DA826F00126545 /* AppDelegate.h */,
				C0B4644417DA826F00126545 /* AppDelegate.m */,
				C0B4648A17DA8A4900126545 /* MainViewController.h */,
				C0B4648B17DA8A4900126545 /* MainViewController.m */,
				C0208E7417E130170097F1E8 /* ActiveFilterManager.h */,
				C0208E7517E130170097F1E8 /* ActiveFilterManager.m */,
				C0B4649117DA8CB400126545 /* RecordingManager.h */,
				C0B4649217DA8CB400126545 /* RecordingManager.m */,
				C0B4649417DA8D6700126545 /* ControlBoxManager.h */,
				C0B4649517DA8D6700126545 /* ControlBoxManager.m */,
				C0B4648617DA89FF00126545 /* Retina.xib */,
				C0B4648817DA8A2B00126545 /* OldDisplay.xib */,
				C0B4644C17DA826F00126545 /* FilterChain.xcdatamodeld */,
				C0B4648E17DA8CA200126545 /* ClipManager.h */,
				C0B4648F17DA8CA200126545 /* ClipManager.m */,
				C00BB83C17DD948500E0580D /* Cell.h */,
				C00BB83D17DD948500E0580D /* Cell.m */,
				C0BD456B17DE180A005734AD /* FilterBank.h */,
				C0BD456C17DE180A005734AD /* FilterBank.m */,
				C0BD457017DE1824005734AD /* BankCell.h */,
				C0BD457117DE1824005734AD /* BankCell.m */,
				C031702717DE7BBE003F8ACB /* Filter.h */,
				C031702817DE7BBE003F8ACB /* Filter.m */,
				C0B4643B17DA826F00126545 /* Supporting Files */,
			);
			path = FilterChain;
			sourceTree = "<group>";
		};
		C0B4643B17DA826F00126545 /* Supporting Files */ = {
			isa = PBXGroup;
			children = (
				C0DB6F8417E602570020B394 /* Supplimentary Image Files */,
				C0B4643C17DA826F00126545 /* FilterChain-Info.plist */,
				C0B4643D17DA826F00126545 /* InfoPlist.strings */,
				C0B4644017DA826F00126545 /* main.m */,
				C0B4644217DA826F00126545 /* FilterChain-Prefix.pch */,
				C0B4644617DA826F00126545 /* Default.png */,
				C0B4644817DA826F00126545 /* Default@2x.png */,
				C0B4644A17DA826F00126545 /* Default-568h@2x.png */,
				C00077A217DE72DA00715694 /* FilterBank.json */,
			);
			name = "Supporting Files";
			sourceTree = "<group>";
		};
		C0B4645C17DA827000126545 /* FilterChainTests */ = {
			isa = PBXGroup;
			children = (
				C0B4646217DA827000126545 /* FilterChainTests.h */,
				C0B4646317DA827000126545 /* FilterChainTests.m */,
				C0B4645D17DA827000126545 /* Supporting Files */,
			);
			path = FilterChainTests;
			sourceTree = "<group>";
		};
		C0B4645D17DA827000126545 /* Supporting Files */ = {
			isa = PBXGroup;
			children = (
				C0B4645E17DA827000126545 /* FilterChainTests-Info.plist */,
				C0B4645F17DA827000126545 /* InfoPlist.strings */,
			);
			name = "Supporting Files";
			sourceTree = "<group>";
		};
		C0B4647A17DA851300126545 /* Products */ = {
			isa = PBXGroup;
			children = (
				C0B4648017DA851400126545 /* libGPUImage.a */,
				C0B4648217DA851400126545 /* GPUImageTests.octest */,
			);
			name = Products;
			sourceTree = "<group>";
		};
		C0DB6F8417E602570020B394 /* Supplimentary Image Files */ = {
			isa = PBXGroup;
			children = (
				C073571717E540B40024D02B /* CameraLensSmall.png */,
				C0DB6F7617E602150020B394 /* Edges.jpg */,
				C0DB6F7717E602150020B394 /* Grayscale.jpg */,
				C0DB6F7817E602150020B394 /* HighlightShadows.jpg */,
				C0DB6F7917E602150020B394 /* Inversion.jpg */,
				C0DB6F7A17E602150020B394 /* Pixellate.jpg */,
				C0DB6F7B17E602150020B394 /* Sepia.jpg */,
				C073571517E53A2E0024D02B /* clipsbutton.png */,
				C073571117E5384E0024D02B /* record.png */,
				C073570317E51DE40024D02B /* OrangeSquareMin.jpg */,
				C031703317DE95C5003F8ACB /* video.png */,
				C031703117DE95A3003F8ACB /* outgoing.png */,
				C031702F17DE9537003F8ACB /* image.png */,
				C031702D17DE94E8003F8ACB /* camera-3.png */,
			);
			name = "Supplimentary Image Files";
			sourceTree = "<group>";
		};
/* End PBXGroup section */

/* Begin PBXNativeTarget section */
		C0B4642E17DA826F00126545 /* FilterChain */ = {
			isa = PBXNativeTarget;
			buildConfigurationList = C0B4646717DA827000126545 /* Build configuration list for PBXNativeTarget "FilterChain" */;
			buildPhases = (
				C0B4642B17DA826F00126545 /* Sources */,
				C0B4642C17DA826F00126545 /* Frameworks */,
				C0B4642D17DA826F00126545 /* Resources */,
			);
			buildRules = (
			);
			dependencies = (
				C0B4648417DA853F00126545 /* PBXTargetDependency */,
			);
			name = FilterChain;
			productName = FilterChain;
			productReference = C0B4642F17DA826F00126545 /* FilterChain.app */;
			productType = "com.apple.product-type.application";
		};
		C0B4645317DA827000126545 /* FilterChainTests */ = {
			isa = PBXNativeTarget;
			buildConfigurationList = C0B4646A17DA827000126545 /* Build configuration list for PBXNativeTarget "FilterChainTests" */;
			buildPhases = (
				C0B4644F17DA827000126545 /* Sources */,
				C0B4645017DA827000126545 /* Frameworks */,
				C0B4645117DA827000126545 /* Resources */,
				C0B4645217DA827000126545 /* ShellScript */,
			);
			buildRules = (
			);
			dependencies = (
				C0B4645B17DA827000126545 /* PBXTargetDependency */,
			);
			name = FilterChainTests;
			productName = FilterChainTests;
			productReference = C0B4645417DA827000126545 /* FilterChainTests.octest */;
			productType = "com.apple.product-type.bundle";
		};
/* End PBXNativeTarget section */

/* Begin PBXProject section */
		C0B4642717DA826F00126545 /* Project object */ = {
			isa = PBXProject;
			attributes = {
				LastUpgradeCheck = 0460;
				ORGANIZATIONNAME = "Ryan Cumley";
			};
			buildConfigurationList = C0B4642A17DA826F00126545 /* Build configuration list for PBXProject "FilterChain" */;
			compatibilityVersion = "Xcode 3.2";
			developmentRegion = English;
			hasScannedForEncodings = 0;
			knownRegions = (
				en,
			);
			mainGroup = C0B4642617DA826F00126545;
			productRefGroup = C0B4643017DA826F00126545 /* Products */;
			projectDirPath = "";
			projectReferences = (
				{
					ProductGroup = C0B4647A17DA851300126545 /* Products */;
					ProjectRef = C0B4647917DA851300126545 /* GPUImage.xcodeproj */;
				},
			);
			projectRoot = "";
			targets = (
				C0B4642E17DA826F00126545 /* FilterChain */,
				C0B4645317DA827000126545 /* FilterChainTests */,
			);
		};
/* End PBXProject section */

/* Begin PBXReferenceProxy section */
		C0B4648017DA851400126545 /* libGPUImage.a */ = {
			isa = PBXReferenceProxy;
			fileType = archive.ar;
			path = libGPUImage.a;
			remoteRef = C0B4647F17DA851400126545 /* PBXContainerItemProxy */;
			sourceTree = BUILT_PRODUCTS_DIR;
		};
		C0B4648217DA851400126545 /* GPUImageTests.octest */ = {
			isa = PBXReferenceProxy;
			fileType = wrapper.cfbundle;
			path = GPUImageTests.octest;
			remoteRef = C0B4648117DA851400126545 /* PBXContainerItemProxy */;
			sourceTree = BUILT_PRODUCTS_DIR;
		};
/* End PBXReferenceProxy section */

/* Begin PBXResourcesBuildPhase section */
		C0B4642D17DA826F00126545 /* Resources */ = {
			isa = PBXResourcesBuildPhase;
			buildActionMask = 2147483647;
			files = (
				C0B4643F17DA826F00126545 /* InfoPlist.strings in Resources */,
				C0B4644717DA826F00126545 /* Default.png in Resources */,
				C0B4644917DA826F00126545 /* Default@2x.png in Resources */,
				C0B4644B17DA826F00126545 /* Default-568h@2x.png in Resources */,
				C0B4648717DA89FF00126545 /* Retina.xib in Resources */,
				C0B4648917DA8A2B00126545 /* OldDisplay.xib in Resources */,
				C00077A317DE72DA00715694 /* FilterBank.json in Resources */,
				C031702E17DE94E8003F8ACB /* camera-3.png in Resources */,
				C031703017DE9537003F8ACB /* image.png in Resources */,
				C031703217DE95A3003F8ACB /* outgoing.png in Resources */,
				C031703417DE95C5003F8ACB /* video.png in Resources */,
				C073570417E51DE40024D02B /* OrangeSquareMin.jpg in Resources */,
				C073571217E5384E0024D02B /* record.png in Resources */,
				C073571617E53A2E0024D02B /* clipsbutton.png in Resources */,
				C073571817E540B40024D02B /* CameraLensSmall.png in Resources */,
				C0DB6F7C17E602150020B394 /* Edges.jpg in Resources */,
				C0DB6F7D17E602150020B394 /* Grayscale.jpg in Resources */,
				C0DB6F7E17E602150020B394 /* HighlightShadows.jpg in Resources */,
				C0DB6F7F17E602150020B394 /* Inversion.jpg in Resources */,
				C0DB6F8017E602150020B394 /* Pixellate.jpg in Resources */,
				C0DB6F8117E602150020B394 /* Sepia.jpg in Resources */,
			);
			runOnlyForDeploymentPostprocessing = 0;
		};
		C0B4645117DA827000126545 /* Resources */ = {
			isa = PBXResourcesBuildPhase;
			buildActionMask = 2147483647;
			files = (
				C0B4646117DA827000126545 /* InfoPlist.strings in Resources */,
			);
			runOnlyForDeploymentPostprocessing = 0;
		};
/* End PBXResourcesBuildPhase section */

/* Begin PBXShellScriptBuildPhase section */
		C0B4645217DA827000126545 /* ShellScript */ = {
			isa = PBXShellScriptBuildPhase;
			buildActionMask = 2147483647;
			files = (
			);
			inputPaths = (
			);
			outputPaths = (
			);
			runOnlyForDeploymentPostprocessing = 0;
			shellPath = /bin/sh;
			shellScript = "# Run the unit tests in this test bundle.\n\"${SYSTEM_DEVELOPER_DIR}/Tools/RunUnitTests\"\n";
		};
/* End PBXShellScriptBuildPhase section */

/* Begin PBXSourcesBuildPhase section */
		C0B4642B17DA826F00126545 /* Sources */ = {
			isa = PBXSourcesBuildPhase;
			buildActionMask = 2147483647;
			files = (
				C0B4644117DA826F00126545 /* main.m in Sources */,
				C0B4644517DA826F00126545 /* AppDelegate.m in Sources */,
				C0B4644E17DA826F00126545 /* FilterChain.xcdatamodeld in Sources */,
				C0B4648C17DA8A4900126545 /* MainViewController.m in Sources */,
				C0B4649017DA8CA200126545 /* ClipManager.m in Sources */,
				C0B4649317DA8CB400126545 /* RecordingManager.m in Sources */,
				C0B4649617DA8D6700126545 /* ControlBoxManager.m in Sources */,
				C00BB83E17DD948500E0580D /* Cell.m in Sources */,
				C0BD456D17DE180A005734AD /* FilterBank.m in Sources */,
				C0BD457217DE1824005734AD /* BankCell.m in Sources */,
				C031702917DE7BBE003F8ACB /* Filter.m in Sources */,
				C0208E7617E130170097F1E8 /* ActiveFilterManager.m in Sources */,
			);
			runOnlyForDeploymentPostprocessing = 0;
		};
		C0B4644F17DA827000126545 /* Sources */ = {
			isa = PBXSourcesBuildPhase;
			buildActionMask = 2147483647;
			files = (
				C0B4646417DA827000126545 /* FilterChainTests.m in Sources */,
			);
			runOnlyForDeploymentPostprocessing = 0;
		};
/* End PBXSourcesBuildPhase section */

/* Begin PBXTargetDependency section */
		C0B4645B17DA827000126545 /* PBXTargetDependency */ = {
			isa = PBXTargetDependency;
			target = C0B4642E17DA826F00126545 /* FilterChain */;
			targetProxy = C0B4645A17DA827000126545 /* PBXContainerItemProxy */;
		};
		C0B4648417DA853F00126545 /* PBXTargetDependency */ = {
			isa = PBXTargetDependency;
			name = GPUImage;
			targetProxy = C0B4648317DA853F00126545 /* PBXContainerItemProxy */;
		};
/* End PBXTargetDependency section */

/* Begin PBXVariantGroup section */
		C0B4643D17DA826F00126545 /* InfoPlist.strings */ = {
			isa = PBXVariantGroup;
			children = (
				C0B4643E17DA826F00126545 /* en */,
			);
			name = InfoPlist.strings;
			sourceTree = "<group>";
		};
		C0B4645F17DA827000126545 /* InfoPlist.strings */ = {
			isa = PBXVariantGroup;
			children = (
				C0B4646017DA827000126545 /* en */,
			);
			name = InfoPlist.strings;
			sourceTree = "<group>";
		};
/* End PBXVariantGroup section */

/* Begin XCBuildConfiguration section */
		C0B4646517DA827000126545 /* Debug */ = {
			isa = XCBuildConfiguration;
			buildSettings = {
				ALWAYS_SEARCH_USER_PATHS = NO;
				CLANG_CXX_LANGUAGE_STANDARD = "gnu++0x";
				CLANG_CXX_LIBRARY = "libc++";
				CLANG_ENABLE_OBJC_ARC = YES;
				CLANG_WARN_CONSTANT_CONVERSION = YES;
				CLANG_WARN_EMPTY_BODY = YES;
				CLANG_WARN_ENUM_CONVERSION = YES;
				CLANG_WARN_INT_CONVERSION = YES;
				CLANG_WARN__DUPLICATE_METHOD_MATCH = YES;
				"CODE_SIGN_IDENTITY[sdk=iphoneos*]" = "iPhone Developer";
				COPY_PHASE_STRIP = NO;
				GCC_C_LANGUAGE_STANDARD = gnu99;
				GCC_DYNAMIC_NO_PIC = NO;
				GCC_OPTIMIZATION_LEVEL = 0;
				GCC_PREPROCESSOR_DEFINITIONS = (
					"DEBUG=1",
					"$(inherited)",
				);
				GCC_SYMBOLS_PRIVATE_EXTERN = NO;
				GCC_WARN_ABOUT_RETURN_TYPE = YES;
				GCC_WARN_UNINITIALIZED_AUTOS = YES;
				GCC_WARN_UNUSED_VARIABLE = YES;
				IPHONEOS_DEPLOYMENT_TARGET = 6.1;
				ONLY_ACTIVE_ARCH = YES;
				SDKROOT = iphoneos;
			};
			name = Debug;
		};
		C0B4646617DA827000126545 /* Release */ = {
			isa = XCBuildConfiguration;
			buildSettings = {
				ALWAYS_SEARCH_USER_PATHS = NO;
				CLANG_CXX_LANGUAGE_STANDARD = "gnu++0x";
				CLANG_CXX_LIBRARY = "libc++";
				CLANG_ENABLE_OBJC_ARC = YES;
				CLANG_WARN_CONSTANT_CONVERSION = YES;
				CLANG_WARN_EMPTY_BODY = YES;
				CLANG_WARN_ENUM_CONVERSION = YES;
				CLANG_WARN_INT_CONVERSION = YES;
				CLANG_WARN__DUPLICATE_METHOD_MATCH = YES;
				"CODE_SIGN_IDENTITY[sdk=iphoneos*]" = "iPhone Developer";
				COPY_PHASE_STRIP = YES;
				GCC_C_LANGUAGE_STANDARD = gnu99;
				GCC_WARN_ABOUT_RETURN_TYPE = YES;
				GCC_WARN_UNINITIALIZED_AUTOS = YES;
				GCC_WARN_UNUSED_VARIABLE = YES;
				IPHONEOS_DEPLOYMENT_TARGET = 6.1;
				OTHER_CFLAGS = "-DNS_BLOCK_ASSERTIONS=1";
				SDKROOT = iphoneos;
				VALIDATE_PRODUCT = YES;
			};
			name = Release;
		};
		C0B4646817DA827000126545 /* Debug */ = {
			isa = XCBuildConfiguration;
			buildSettings = {
				GCC_PRECOMPILE_PREFIX_HEADER = YES;
				GCC_PREFIX_HEADER = "FilterChain/FilterChain-Prefix.pch";
				HEADER_SEARCH_PATHS = "../GPUImage-master/framework/**";
				INFOPLIST_FILE = "FilterChain/FilterChain-Info.plist";
				OTHER_LDFLAGS = "-ObjC";
				PRODUCT_NAME = "$(TARGET_NAME)";
				WRAPPER_EXTENSION = app;
			};
			name = Debug;
		};
		C0B4646917DA827000126545 /* Release */ = {
			isa = XCBuildConfiguration;
			buildSettings = {
				GCC_PRECOMPILE_PREFIX_HEADER = YES;
				GCC_PREFIX_HEADER = "FilterChain/FilterChain-Prefix.pch";
				HEADER_SEARCH_PATHS = "../GPUImage-master/framework/**";
				INFOPLIST_FILE = "FilterChain/FilterChain-Info.plist";
				OTHER_LDFLAGS = "-ObjC";
				PRODUCT_NAME = "$(TARGET_NAME)";
				WRAPPER_EXTENSION = app;
			};
			name = Release;
		};
		C0B4646B17DA827000126545 /* Debug */ = {
			isa = XCBuildConfiguration;
			buildSettings = {
				BUNDLE_LOADER = "$(BUILT_PRODUCTS_DIR)/FilterChain.app/FilterChain";
				FRAMEWORK_SEARCH_PATHS = (
					"\"$(SDKROOT)/Developer/Library/Frameworks\"",
					"\"$(DEVELOPER_LIBRARY_DIR)/Frameworks\"",
				);
				GCC_PRECOMPILE_PREFIX_HEADER = YES;
				GCC_PREFIX_HEADER = "FilterChain/FilterChain-Prefix.pch";
				INFOPLIST_FILE = "FilterChainTests/FilterChainTests-Info.plist";
				PRODUCT_NAME = "$(TARGET_NAME)";
				TEST_HOST = "$(BUNDLE_LOADER)";
				WRAPPER_EXTENSION = octest;
			};
			name = Debug;
		};
		C0B4646C17DA827000126545 /* Release */ = {
			isa = XCBuildConfiguration;
			buildSettings = {
				BUNDLE_LOADER = "$(BUILT_PRODUCTS_DIR)/FilterChain.app/FilterChain";
				FRAMEWORK_SEARCH_PATHS = (
					"\"$(SDKROOT)/Developer/Library/Frameworks\"",
					"\"$(DEVELOPER_LIBRARY_DIR)/Frameworks\"",
				);
				GCC_PRECOMPILE_PREFIX_HEADER = YES;
				GCC_PREFIX_HEADER = "FilterChain/FilterChain-Prefix.pch";
				INFOPLIST_FILE = "FilterChainTests/FilterChainTests-Info.plist";
				PRODUCT_NAME = "$(TARGET_NAME)";
				TEST_HOST = "$(BUNDLE_LOADER)";
				WRAPPER_EXTENSION = octest;
			};
			name = Release;
		};
/* End XCBuildConfiguration section */

/* Begin XCConfigurationList section */
		C0B4642A17DA826F00126545 /* Build configuration list for PBXProject "FilterChain" */ = {
			isa = XCConfigurationList;
			buildConfigurations = (
				C0B4646517DA827000126545 /* Debug */,
				C0B4646617DA827000126545 /* Release */,
			);
			defaultConfigurationIsVisible = 0;
			defaultConfigurationName = Release;
		};
		C0B4646717DA827000126545 /* Build configuration list for PBXNativeTarget "FilterChain" */ = {
			isa = XCConfigurationList;
			buildConfigurations = (
				C0B4646817DA827000126545 /* Debug */,
				C0B4646917DA827000126545 /* Release */,
			);
			defaultConfigurationIsVisible = 0;
			defaultConfigurationName = Release;
		};
		C0B4646A17DA827000126545 /* Build configuration list for PBXNativeTarget "FilterChainTests" */ = {
			isa = XCConfigurationList;
			buildConfigurations = (
				C0B4646B17DA827000126545 /* Debug */,
				C0B4646C17DA827000126545 /* Release */,
			);
			defaultConfigurationIsVisible = 0;
			defaultConfigurationName = Release;
		};
/* End XCConfigurationList section */

/* Begin XCVersionGroup section */
		C0B4644C17DA826F00126545 /* FilterChain.xcdatamodeld */ = {
			isa = XCVersionGroup;
			children = (
				C0B4644D17DA826F00126545 /* FilterChain.xcdatamodel */,
			);
			currentVersion = C0B4644D17DA826F00126545 /* FilterChain.xcdatamodel */;
			path = FilterChain.xcdatamodeld;
			sourceTree = "<group>";
			versionGroupType = wrapper.xcdatamodel;
		};
/* End XCVersionGroup section */
	};
	rootObject = C0B4642717DA826F00126545 /* Project object */;
}
